// !$*UTF8*$!
{
	archiveVersion = 1;
	classes = {
	};
	objectVersion = 46;
	objects = {

/* Begin PBXBuildFile section */
		092354B313A1D7EB00DA740F /* CFNetwork.framework in Frameworks */ = {isa = PBXBuildFile; fileRef = 092354B213A1D7EB00DA740F /* CFNetwork.framework */; };
		092354B513A1D7F000DA740F /* SystemConfiguration.framework in Frameworks */ = {isa = PBXBuildFile; fileRef = 092354B413A1D7F000DA740F /* SystemConfiguration.framework */; };
		095ACE8613C68EA300566243 /* AudioToolbox.framework in Frameworks */ = {isa = PBXBuildFile; fileRef = 095ACE8513C68EA300566243 /* AudioToolbox.framework */; };
		099CCEAD13F9E3760039A464 /* libz.1.1.3.dylib in Frameworks */ = {isa = PBXBuildFile; fileRef = 099CCEAC13F9E3760039A464 /* libz.1.1.3.dylib */; };
		09ABC07213A1D52D009C3FCF /* UIKit.framework in Frameworks */ = {isa = PBXBuildFile; fileRef = 09ABC07113A1D52D009C3FCF /* UIKit.framework */; };
		09ABC07413A1D52D009C3FCF /* Foundation.framework in Frameworks */ = {isa = PBXBuildFile; fileRef = 09ABC07313A1D52D009C3FCF /* Foundation.framework */; };
		09ABC07F13A1D52D009C3FCF /* main.m in Sources */ = {isa = PBXBuildFile; fileRef = 09ABC07E13A1D52D009C3FCF /* main.m */; };
		09BEF34C13D51C3F001BBCDB /* Security.framework in Frameworks */ = {isa = PBXBuildFile; fileRef = 09BEF34B13D51C3F001BBCDB /* Security.framework */; };
		2FCDD6B014A573F500295AAC /* QuartzCore.framework in Frameworks */ = {isa = PBXBuildFile; fileRef = 2FCDD6AF14A573F500295AAC /* QuartzCore.framework */; };
		3A8369CB261372E210CEC611 /* libPods-ParseStarterProject.a in Frameworks */ = {isa = PBXBuildFile; fileRef = F331760BA7DD8A5DA0524543 /* libPods-ParseStarterProject.a */; };
		4579B55A1C07493200E9C095 /* Main.storyboard in Resources */ = {isa = PBXBuildFile; fileRef = 4579B5591C07493200E9C095 /* Main.storyboard */; settings = {ASSET_TAGS = (); }; };
		45D7CA451C0B0E9300434C1D /* EventsCollectionViewCell.m in Sources */ = {isa = PBXBuildFile; fileRef = 45D7CA351C0B0E9200434C1D /* EventsCollectionViewCell.m */; settings = {ASSET_TAGS = (); }; };
		45D7CA461C0B0E9300434C1D /* LeftSideMenuViewController.m in Sources */ = {isa = PBXBuildFile; fileRef = 45D7CA371C0B0E9200434C1D /* LeftSideMenuViewController.m */; settings = {ASSET_TAGS = (); }; };
		45D7CA481C0B0E9300434C1D /* Media.xcassets in Resources */ = {isa = PBXBuildFile; fileRef = 45D7CA3A1C0B0E9200434C1D /* Media.xcassets */; settings = {ASSET_TAGS = (); }; };
		45D7CA491C0B0E9300434C1D /* NavigationViewController.m in Sources */ = {isa = PBXBuildFile; fileRef = 45D7CA3C1C0B0E9200434C1D /* NavigationViewController.m */; settings = {ASSET_TAGS = (); }; };
		45D7CA4A1C0B0E9300434C1D /* ParentViewController.m in Sources */ = {isa = PBXBuildFile; fileRef = 45D7CA3E1C0B0E9200434C1D /* ParentViewController.m */; settings = {ASSET_TAGS = (); }; };
		45D7CA4B1C0B0E9300434C1D /* ParseConnectionManager.m in Sources */ = {isa = PBXBuildFile; fileRef = 45D7CA401C0B0E9200434C1D /* ParseConnectionManager.m */; settings = {ASSET_TAGS = (); }; };
		45D7CA4D1C0B0E9300434C1D /* SideMenuTableViewCell.m in Sources */ = {isa = PBXBuildFile; fileRef = 45D7CA441C0B0E9300434C1D /* SideMenuTableViewCell.m */; settings = {ASSET_TAGS = (); }; };
		45D7CA501C0B0EFF00434C1D /* Utilities.m in Sources */ = {isa = PBXBuildFile; fileRef = 45D7CA4E1C0B0EFF00434C1D /* Utilities.m */; settings = {ASSET_TAGS = (); }; };
		45D7CA551C0B0F6300434C1D /* MainViewController.m in Sources */ = {isa = PBXBuildFile; fileRef = 45D7CA531C0B0F6300434C1D /* MainViewController.m */; settings = {ASSET_TAGS = (); }; };
		45D7CA5E1C0B0FDB00434C1D /* ParseStarterProjectAppDelegate.m in Sources */ = {isa = PBXBuildFile; fileRef = 45D7CA5D1C0B0FDB00434C1D /* ParseStarterProjectAppDelegate.m */; settings = {ASSET_TAGS = (); }; };
		45D7CA611C0B107200434C1D /* strings.json in Resources */ = {isa = PBXBuildFile; fileRef = 45D7CA601C0B107200434C1D /* strings.json */; settings = {ASSET_TAGS = (); }; };
		45D7CA6C1C0B10A300434C1D /* MCLocalization.m in Sources */ = {isa = PBXBuildFile; fileRef = 45D7CA641C0B10A300434C1D /* MCLocalization.m */; settings = {ASSET_TAGS = (); }; };
		45D7CA6D1C0B10A300434C1D /* MCLocalizationDummyDataSource.m in Sources */ = {isa = PBXBuildFile; fileRef = 45D7CA671C0B10A300434C1D /* MCLocalizationDummyDataSource.m */; settings = {ASSET_TAGS = (); }; };
		45D7CA6E1C0B10A300434C1D /* MCLocalizationOneJSONFilePerLanguageDataSource.m in Sources */ = {isa = PBXBuildFile; fileRef = 45D7CA691C0B10A300434C1D /* MCLocalizationOneJSONFilePerLanguageDataSource.m */; settings = {ASSET_TAGS = (); }; };
		45D7CA6F1C0B10A300434C1D /* MCLocalizationSingleJSONFileDataSource.m in Sources */ = {isa = PBXBuildFile; fileRef = 45D7CA6B1C0B10A300434C1D /* MCLocalizationSingleJSONFileDataSource.m */; settings = {ASSET_TAGS = (); }; };
		45D7CAC31C0B12EF00434C1D /* MKAnnotationView+WebCache.m in Sources */ = {isa = PBXBuildFile; fileRef = 45D7CAA31C0B12EF00434C1D /* MKAnnotationView+WebCache.m */; settings = {ASSET_TAGS = (); }; };
		45D7CAC41C0B12EF00434C1D /* NSData+ImageContentType.m in Sources */ = {isa = PBXBuildFile; fileRef = 45D7CAA51C0B12EF00434C1D /* NSData+ImageContentType.m */; settings = {ASSET_TAGS = (); }; };
		45D7CAC51C0B12EF00434C1D /* SDImageCache.m in Sources */ = {isa = PBXBuildFile; fileRef = 45D7CAA71C0B12EF00434C1D /* SDImageCache.m */; settings = {ASSET_TAGS = (); }; };
		45D7CAC61C0B12EF00434C1D /* SDWebImageCompat.m in Sources */ = {isa = PBXBuildFile; fileRef = 45D7CAA91C0B12EF00434C1D /* SDWebImageCompat.m */; settings = {ASSET_TAGS = (); }; };
		45D7CAC71C0B12EF00434C1D /* SDWebImageDecoder.m in Sources */ = {isa = PBXBuildFile; fileRef = 45D7CAAB1C0B12EF00434C1D /* SDWebImageDecoder.m */; settings = {ASSET_TAGS = (); }; };
		45D7CAC81C0B12EF00434C1D /* SDWebImageDownloader.m in Sources */ = {isa = PBXBuildFile; fileRef = 45D7CAAD1C0B12EF00434C1D /* SDWebImageDownloader.m */; settings = {ASSET_TAGS = (); }; };
		45D7CAC91C0B12EF00434C1D /* SDWebImageDownloaderOperation.m in Sources */ = {isa = PBXBuildFile; fileRef = 45D7CAAF1C0B12EF00434C1D /* SDWebImageDownloaderOperation.m */; settings = {ASSET_TAGS = (); }; };
		45D7CACA1C0B12EF00434C1D /* SDWebImageManager.m in Sources */ = {isa = PBXBuildFile; fileRef = 45D7CAB11C0B12EF00434C1D /* SDWebImageManager.m */; settings = {ASSET_TAGS = (); }; };
		45D7CACB1C0B12EF00434C1D /* SDWebImagePrefetcher.m in Sources */ = {isa = PBXBuildFile; fileRef = 45D7CAB41C0B12EF00434C1D /* SDWebImagePrefetcher.m */; settings = {ASSET_TAGS = (); }; };
		45D7CACC1C0B12EF00434C1D /* UIButton+WebCache.m in Sources */ = {isa = PBXBuildFile; fileRef = 45D7CAB61C0B12EF00434C1D /* UIButton+WebCache.m */; settings = {ASSET_TAGS = (); }; };
		45D7CACD1C0B12EF00434C1D /* UIImage+GIF.m in Sources */ = {isa = PBXBuildFile; fileRef = 45D7CAB81C0B12EF00434C1D /* UIImage+GIF.m */; settings = {ASSET_TAGS = (); }; };
		45D7CACE1C0B12EF00434C1D /* UIImage+MultiFormat.m in Sources */ = {isa = PBXBuildFile; fileRef = 45D7CABA1C0B12EF00434C1D /* UIImage+MultiFormat.m */; settings = {ASSET_TAGS = (); }; };
		45D7CACF1C0B12EF00434C1D /* UIImage+WebP.m in Sources */ = {isa = PBXBuildFile; fileRef = 45D7CABC1C0B12EF00434C1D /* UIImage+WebP.m */; settings = {ASSET_TAGS = (); }; };
		45D7CAD01C0B12EF00434C1D /* UIImageView+HighlightedWebCache.m in Sources */ = {isa = PBXBuildFile; fileRef = 45D7CABE1C0B12EF00434C1D /* UIImageView+HighlightedWebCache.m */; settings = {ASSET_TAGS = (); }; };
		45D7CAD11C0B12EF00434C1D /* UIImageView+WebCache.m in Sources */ = {isa = PBXBuildFile; fileRef = 45D7CAC01C0B12EF00434C1D /* UIImageView+WebCache.m */; settings = {ASSET_TAGS = (); }; };
		45D7CAD21C0B12EF00434C1D /* UIView+WebCacheOperation.m in Sources */ = {isa = PBXBuildFile; fileRef = 45D7CAC21C0B12EF00434C1D /* UIView+WebCacheOperation.m */; settings = {ASSET_TAGS = (); }; };
		45D7CAD51C0B138E00434C1D /* MapKit.framework in Frameworks */ = {isa = PBXBuildFile; fileRef = 45D7CAD41C0B138E00434C1D /* MapKit.framework */; };
		45D7CAD71C0B139500434C1D /* ImageIO.framework in Frameworks */ = {isa = PBXBuildFile; fileRef = 45D7CAD61C0B139500434C1D /* ImageIO.framework */; };
		45D7CADA1C0B13F100434C1D /* UIImageView+UIActivityIndicatorForSDWebImage.m in Sources */ = {isa = PBXBuildFile; fileRef = 45D7CAD91C0B13F100434C1D /* UIImageView+UIActivityIndicatorForSDWebImage.m */; settings = {ASSET_TAGS = (); }; };
		4998650515BF305000803E05 /* StoreKit.framework in Frameworks */ = {isa = PBXBuildFile; fileRef = 4998650415BF305000803E05 /* StoreKit.framework */; };
		743D7B6D157DA60100084B67 /* CoreGraphics.framework in Frameworks */ = {isa = PBXBuildFile; fileRef = 743D7B6C157DA60100084B67 /* CoreGraphics.framework */; };
		814C3ABD1B69864600E307BB /* Default-568h@2x.png in Resources */ = {isa = PBXBuildFile; fileRef = 814C3AB21B69864600E307BB /* Default-568h@2x.png */; };
		814C3ABE1B69864600E307BB /* Default.png in Resources */ = {isa = PBXBuildFile; fileRef = 814C3AB31B69864600E307BB /* Default.png */; };
		814C3ABF1B69864600E307BB /* Default@2x.png in Resources */ = {isa = PBXBuildFile; fileRef = 814C3AB41B69864600E307BB /* Default@2x.png */; };
		814C3AC01B69864600E307BB /* InfoPlist.strings in Resources */ = {isa = PBXBuildFile; fileRef = 814C3AB51B69864600E307BB /* InfoPlist.strings */; };
		817AD67C196B009E0014C796 /* Bolts.framework in Frameworks */ = {isa = PBXBuildFile; fileRef = 817AD67B196B009E0014C796 /* Bolts.framework */; };
		81A6CA611A2EA82800297C39 /* libstdc++.6.dylib in Frameworks */ = {isa = PBXBuildFile; fileRef = 81A6CA601A2EA82800297C39 /* libstdc++.6.dylib */; };
		81AFA6791B0EDD12000763C0 /* libsqlite3.dylib in Frameworks */ = {isa = PBXBuildFile; fileRef = 6332375315E438E900AE2736 /* libsqlite3.dylib */; };
		81DDFD1919B4A60300BE649C /* Parse.framework in Frameworks */ = {isa = PBXBuildFile; fileRef = 81DDFD1719B4A60300BE649C /* Parse.framework */; };
		DD952FCB16E7F5CF00470144 /* CoreLocation.framework in Frameworks */ = {isa = PBXBuildFile; fileRef = 97E18B1E1624CB5700B17A67 /* CoreLocation.framework */; };
/* End PBXBuildFile section */

/* Begin PBXFileReference section */
		092354B213A1D7EB00DA740F /* CFNetwork.framework */ = {isa = PBXFileReference; lastKnownFileType = wrapper.framework; name = CFNetwork.framework; path = System/Library/Frameworks/CFNetwork.framework; sourceTree = SDKROOT; };
		092354B413A1D7F000DA740F /* SystemConfiguration.framework */ = {isa = PBXFileReference; lastKnownFileType = wrapper.framework; name = SystemConfiguration.framework; path = System/Library/Frameworks/SystemConfiguration.framework; sourceTree = SDKROOT; };
		095ACE8513C68EA300566243 /* AudioToolbox.framework */ = {isa = PBXFileReference; lastKnownFileType = wrapper.framework; name = AudioToolbox.framework; path = System/Library/Frameworks/AudioToolbox.framework; sourceTree = SDKROOT; };
		099CCEAC13F9E3760039A464 /* libz.1.1.3.dylib */ = {isa = PBXFileReference; lastKnownFileType = "compiled.mach-o.dylib"; name = libz.1.1.3.dylib; path = usr/lib/libz.1.1.3.dylib; sourceTree = SDKROOT; };
		09ABC06D13A1D52D009C3FCF /* ParseStarterProject.app */ = {isa = PBXFileReference; explicitFileType = wrapper.application; includeInIndex = 0; path = ParseStarterProject.app; sourceTree = BUILT_PRODUCTS_DIR; };
		09ABC07113A1D52D009C3FCF /* UIKit.framework */ = {isa = PBXFileReference; lastKnownFileType = wrapper.framework; name = UIKit.framework; path = System/Library/Frameworks/UIKit.framework; sourceTree = SDKROOT; };
		09ABC07313A1D52D009C3FCF /* Foundation.framework */ = {isa = PBXFileReference; lastKnownFileType = wrapper.framework; name = Foundation.framework; path = System/Library/Frameworks/Foundation.framework; sourceTree = SDKROOT; };
		09ABC07E13A1D52D009C3FCF /* main.m */ = {isa = PBXFileReference; lastKnownFileType = sourcecode.c.objc; path = main.m; sourceTree = "<group>"; };
		09BEF34B13D51C3F001BBCDB /* Security.framework */ = {isa = PBXFileReference; lastKnownFileType = wrapper.framework; name = Security.framework; path = System/Library/Frameworks/Security.framework; sourceTree = SDKROOT; };
		2FCDD6AF14A573F500295AAC /* QuartzCore.framework */ = {isa = PBXFileReference; lastKnownFileType = wrapper.framework; name = QuartzCore.framework; path = System/Library/Frameworks/QuartzCore.framework; sourceTree = SDKROOT; };
		4579B5591C07493200E9C095 /* Main.storyboard */ = {isa = PBXFileReference; fileEncoding = 4; lastKnownFileType = file.storyboard; path = Main.storyboard; sourceTree = "<group>"; };
		45D7CA341C0B0E9200434C1D /* EventsCollectionViewCell.h */ = {isa = PBXFileReference; fileEncoding = 4; lastKnownFileType = sourcecode.c.h; path = EventsCollectionViewCell.h; sourceTree = "<group>"; };
		45D7CA351C0B0E9200434C1D /* EventsCollectionViewCell.m */ = {isa = PBXFileReference; fileEncoding = 4; lastKnownFileType = sourcecode.c.objc; path = EventsCollectionViewCell.m; sourceTree = "<group>"; };
		45D7CA361C0B0E9200434C1D /* LeftSideMenuViewController.h */ = {isa = PBXFileReference; fileEncoding = 4; lastKnownFileType = sourcecode.c.h; path = LeftSideMenuViewController.h; sourceTree = "<group>"; };
		45D7CA371C0B0E9200434C1D /* LeftSideMenuViewController.m */ = {isa = PBXFileReference; fileEncoding = 4; lastKnownFileType = sourcecode.c.objc; path = LeftSideMenuViewController.m; sourceTree = "<group>"; };
		45D7CA3A1C0B0E9200434C1D /* Media.xcassets */ = {isa = PBXFileReference; lastKnownFileType = folder.assetcatalog; name = Media.xcassets; path = ../ParseStarterProject/Media.xcassets; sourceTree = "<group>"; };
		45D7CA3B1C0B0E9200434C1D /* NavigationViewController.h */ = {isa = PBXFileReference; fileEncoding = 4; lastKnownFileType = sourcecode.c.h; path = NavigationViewController.h; sourceTree = "<group>"; };
		45D7CA3C1C0B0E9200434C1D /* NavigationViewController.m */ = {isa = PBXFileReference; fileEncoding = 4; lastKnownFileType = sourcecode.c.objc; path = NavigationViewController.m; sourceTree = "<group>"; };
		45D7CA3D1C0B0E9200434C1D /* ParentViewController.h */ = {isa = PBXFileReference; fileEncoding = 4; lastKnownFileType = sourcecode.c.h; path = ParentViewController.h; sourceTree = "<group>"; };
		45D7CA3E1C0B0E9200434C1D /* ParentViewController.m */ = {isa = PBXFileReference; fileEncoding = 4; lastKnownFileType = sourcecode.c.objc; path = ParentViewController.m; sourceTree = "<group>"; };
		45D7CA3F1C0B0E9200434C1D /* ParseConnectionManager.h */ = {isa = PBXFileReference; fileEncoding = 4; lastKnownFileType = sourcecode.c.h; path = ParseConnectionManager.h; sourceTree = "<group>"; };
		45D7CA401C0B0E9200434C1D /* ParseConnectionManager.m */ = {isa = PBXFileReference; fileEncoding = 4; lastKnownFileType = sourcecode.c.objc; path = ParseConnectionManager.m; sourceTree = "<group>"; };
		45D7CA431C0B0E9300434C1D /* SideMenuTableViewCell.h */ = {isa = PBXFileReference; fileEncoding = 4; lastKnownFileType = sourcecode.c.h; path = SideMenuTableViewCell.h; sourceTree = "<group>"; };
		45D7CA441C0B0E9300434C1D /* SideMenuTableViewCell.m */ = {isa = PBXFileReference; fileEncoding = 4; lastKnownFileType = sourcecode.c.objc; path = SideMenuTableViewCell.m; sourceTree = "<group>"; };
		45D7CA4E1C0B0EFF00434C1D /* Utilities.m */ = {isa = PBXFileReference; fileEncoding = 4; lastKnownFileType = sourcecode.c.objc; path = Utilities.m; sourceTree = "<group>"; };
		45D7CA4F1C0B0EFF00434C1D /* Utilities.h */ = {isa = PBXFileReference; fileEncoding = 4; lastKnownFileType = sourcecode.c.h; path = Utilities.h; sourceTree = "<group>"; };
		45D7CA531C0B0F6300434C1D /* MainViewController.m */ = {isa = PBXFileReference; fileEncoding = 4; lastKnownFileType = sourcecode.c.objc; path = MainViewController.m; sourceTree = "<group>"; };
		45D7CA541C0B0F6300434C1D /* MainViewController.h */ = {isa = PBXFileReference; fileEncoding = 4; lastKnownFileType = sourcecode.c.h; path = MainViewController.h; sourceTree = "<group>"; };
		45D7CA5C1C0B0FDB00434C1D /* ParseStarterProjectAppDelegate.h */ = {isa = PBXFileReference; fileEncoding = 4; lastKnownFileType = sourcecode.c.h; path = ParseStarterProjectAppDelegate.h; sourceTree = "<group>"; };
		45D7CA5D1C0B0FDB00434C1D /* ParseStarterProjectAppDelegate.m */ = {isa = PBXFileReference; fileEncoding = 4; lastKnownFileType = sourcecode.c.objc; path = ParseStarterProjectAppDelegate.m; sourceTree = "<group>"; };
		45D7CA601C0B107200434C1D /* strings.json */ = {isa = PBXFileReference; fileEncoding = 4; lastKnownFileType = text.json; path = strings.json; sourceTree = "<group>"; };
		45D7CA631C0B10A300434C1D /* MCLocalization.h */ = {isa = PBXFileReference; fileEncoding = 4; lastKnownFileType = sourcecode.c.h; path = MCLocalization.h; sourceTree = "<group>"; };
		45D7CA641C0B10A300434C1D /* MCLocalization.m */ = {isa = PBXFileReference; fileEncoding = 4; lastKnownFileType = sourcecode.c.objc; path = MCLocalization.m; sourceTree = "<group>"; };
		45D7CA651C0B10A300434C1D /* MCLocalizationDataSource.h */ = {isa = PBXFileReference; fileEncoding = 4; lastKnownFileType = sourcecode.c.h; path = MCLocalizationDataSource.h; sourceTree = "<group>"; };
		45D7CA661C0B10A300434C1D /* MCLocalizationDummyDataSource.h */ = {isa = PBXFileReference; fileEncoding = 4; lastKnownFileType = sourcecode.c.h; path = MCLocalizationDummyDataSource.h; sourceTree = "<group>"; };
		45D7CA671C0B10A300434C1D /* MCLocalizationDummyDataSource.m */ = {isa = PBXFileReference; fileEncoding = 4; lastKnownFileType = sourcecode.c.objc; path = MCLocalizationDummyDataSource.m; sourceTree = "<group>"; };
		45D7CA681C0B10A300434C1D /* MCLocalizationOneJSONFilePerLanguageDataSource.h */ = {isa = PBXFileReference; fileEncoding = 4; lastKnownFileType = sourcecode.c.h; path = MCLocalizationOneJSONFilePerLanguageDataSource.h; sourceTree = "<group>"; };
		45D7CA691C0B10A300434C1D /* MCLocalizationOneJSONFilePerLanguageDataSource.m */ = {isa = PBXFileReference; fileEncoding = 4; lastKnownFileType = sourcecode.c.objc; path = MCLocalizationOneJSONFilePerLanguageDataSource.m; sourceTree = "<group>"; };
		45D7CA6A1C0B10A300434C1D /* MCLocalizationSingleJSONFileDataSource.h */ = {isa = PBXFileReference; fileEncoding = 4; lastKnownFileType = sourcecode.c.h; path = MCLocalizationSingleJSONFileDataSource.h; sourceTree = "<group>"; };
		45D7CA6B1C0B10A300434C1D /* MCLocalizationSingleJSONFileDataSource.m */ = {isa = PBXFileReference; fileEncoding = 4; lastKnownFileType = sourcecode.c.objc; path = MCLocalizationSingleJSONFileDataSource.m; sourceTree = "<group>"; };
		45D7CAA21C0B12EF00434C1D /* MKAnnotationView+WebCache.h */ = {isa = PBXFileReference; fileEncoding = 4; lastKnownFileType = sourcecode.c.h; path = "MKAnnotationView+WebCache.h"; sourceTree = "<group>"; };
		45D7CAA31C0B12EF00434C1D /* MKAnnotationView+WebCache.m */ = {isa = PBXFileReference; fileEncoding = 4; lastKnownFileType = sourcecode.c.objc; path = "MKAnnotationView+WebCache.m"; sourceTree = "<group>"; };
		45D7CAA41C0B12EF00434C1D /* NSData+ImageContentType.h */ = {isa = PBXFileReference; fileEncoding = 4; lastKnownFileType = sourcecode.c.h; path = "NSData+ImageContentType.h"; sourceTree = "<group>"; };
		45D7CAA51C0B12EF00434C1D /* NSData+ImageContentType.m */ = {isa = PBXFileReference; fileEncoding = 4; lastKnownFileType = sourcecode.c.objc; path = "NSData+ImageContentType.m"; sourceTree = "<group>"; };
		45D7CAA61C0B12EF00434C1D /* SDImageCache.h */ = {isa = PBXFileReference; fileEncoding = 4; lastKnownFileType = sourcecode.c.h; path = SDImageCache.h; sourceTree = "<group>"; };
		45D7CAA71C0B12EF00434C1D /* SDImageCache.m */ = {isa = PBXFileReference; fileEncoding = 4; lastKnownFileType = sourcecode.c.objc; path = SDImageCache.m; sourceTree = "<group>"; };
		45D7CAA81C0B12EF00434C1D /* SDWebImageCompat.h */ = {isa = PBXFileReference; fileEncoding = 4; lastKnownFileType = sourcecode.c.h; path = SDWebImageCompat.h; sourceTree = "<group>"; };
		45D7CAA91C0B12EF00434C1D /* SDWebImageCompat.m */ = {isa = PBXFileReference; fileEncoding = 4; lastKnownFileType = sourcecode.c.objc; path = SDWebImageCompat.m; sourceTree = "<group>"; };
		45D7CAAA1C0B12EF00434C1D /* SDWebImageDecoder.h */ = {isa = PBXFileReference; fileEncoding = 4; lastKnownFileType = sourcecode.c.h; path = SDWebImageDecoder.h; sourceTree = "<group>"; };
		45D7CAAB1C0B12EF00434C1D /* SDWebImageDecoder.m */ = {isa = PBXFileReference; fileEncoding = 4; lastKnownFileType = sourcecode.c.objc; path = SDWebImageDecoder.m; sourceTree = "<group>"; };
		45D7CAAC1C0B12EF00434C1D /* SDWebImageDownloader.h */ = {isa = PBXFileReference; fileEncoding = 4; lastKnownFileType = sourcecode.c.h; path = SDWebImageDownloader.h; sourceTree = "<group>"; };
		45D7CAAD1C0B12EF00434C1D /* SDWebImageDownloader.m */ = {isa = PBXFileReference; fileEncoding = 4; lastKnownFileType = sourcecode.c.objc; path = SDWebImageDownloader.m; sourceTree = "<group>"; };
		45D7CAAE1C0B12EF00434C1D /* SDWebImageDownloaderOperation.h */ = {isa = PBXFileReference; fileEncoding = 4; lastKnownFileType = sourcecode.c.h; path = SDWebImageDownloaderOperation.h; sourceTree = "<group>"; };
		45D7CAAF1C0B12EF00434C1D /* SDWebImageDownloaderOperation.m */ = {isa = PBXFileReference; fileEncoding = 4; lastKnownFileType = sourcecode.c.objc; path = SDWebImageDownloaderOperation.m; sourceTree = "<group>"; };
		45D7CAB01C0B12EF00434C1D /* SDWebImageManager.h */ = {isa = PBXFileReference; fileEncoding = 4; lastKnownFileType = sourcecode.c.h; path = SDWebImageManager.h; sourceTree = "<group>"; };
		45D7CAB11C0B12EF00434C1D /* SDWebImageManager.m */ = {isa = PBXFileReference; fileEncoding = 4; lastKnownFileType = sourcecode.c.objc; path = SDWebImageManager.m; sourceTree = "<group>"; };
		45D7CAB21C0B12EF00434C1D /* SDWebImageOperation.h */ = {isa = PBXFileReference; fileEncoding = 4; lastKnownFileType = sourcecode.c.h; path = SDWebImageOperation.h; sourceTree = "<group>"; };
		45D7CAB31C0B12EF00434C1D /* SDWebImagePrefetcher.h */ = {isa = PBXFileReference; fileEncoding = 4; lastKnownFileType = sourcecode.c.h; path = SDWebImagePrefetcher.h; sourceTree = "<group>"; };
		45D7CAB41C0B12EF00434C1D /* SDWebImagePrefetcher.m */ = {isa = PBXFileReference; fileEncoding = 4; lastKnownFileType = sourcecode.c.objc; path = SDWebImagePrefetcher.m; sourceTree = "<group>"; };
		45D7CAB51C0B12EF00434C1D /* UIButton+WebCache.h */ = {isa = PBXFileReference; fileEncoding = 4; lastKnownFileType = sourcecode.c.h; path = "UIButton+WebCache.h"; sourceTree = "<group>"; };
		45D7CAB61C0B12EF00434C1D /* UIButton+WebCache.m */ = {isa = PBXFileReference; fileEncoding = 4; lastKnownFileType = sourcecode.c.objc; path = "UIButton+WebCache.m"; sourceTree = "<group>"; };
		45D7CAB71C0B12EF00434C1D /* UIImage+GIF.h */ = {isa = PBXFileReference; fileEncoding = 4; lastKnownFileType = sourcecode.c.h; path = "UIImage+GIF.h"; sourceTree = "<group>"; };
		45D7CAB81C0B12EF00434C1D /* UIImage+GIF.m */ = {isa = PBXFileReference; fileEncoding = 4; lastKnownFileType = sourcecode.c.objc; path = "UIImage+GIF.m"; sourceTree = "<group>"; };
		45D7CAB91C0B12EF00434C1D /* UIImage+MultiFormat.h */ = {isa = PBXFileReference; fileEncoding = 4; lastKnownFileType = sourcecode.c.h; path = "UIImage+MultiFormat.h"; sourceTree = "<group>"; };
		45D7CABA1C0B12EF00434C1D /* UIImage+MultiFormat.m */ = {isa = PBXFileReference; fileEncoding = 4; lastKnownFileType = sourcecode.c.objc; path = "UIImage+MultiFormat.m"; sourceTree = "<group>"; };
		45D7CABB1C0B12EF00434C1D /* UIImage+WebP.h */ = {isa = PBXFileReference; fileEncoding = 4; lastKnownFileType = sourcecode.c.h; path = "UIImage+WebP.h"; sourceTree = "<group>"; };
		45D7CABC1C0B12EF00434C1D /* UIImage+WebP.m */ = {isa = PBXFileReference; fileEncoding = 4; lastKnownFileType = sourcecode.c.objc; path = "UIImage+WebP.m"; sourceTree = "<group>"; };
		45D7CABD1C0B12EF00434C1D /* UIImageView+HighlightedWebCache.h */ = {isa = PBXFileReference; fileEncoding = 4; lastKnownFileType = sourcecode.c.h; path = "UIImageView+HighlightedWebCache.h"; sourceTree = "<group>"; };
		45D7CABE1C0B12EF00434C1D /* UIImageView+HighlightedWebCache.m */ = {isa = PBXFileReference; fileEncoding = 4; lastKnownFileType = sourcecode.c.objc; path = "UIImageView+HighlightedWebCache.m"; sourceTree = "<group>"; };
		45D7CABF1C0B12EF00434C1D /* UIImageView+WebCache.h */ = {isa = PBXFileReference; fileEncoding = 4; lastKnownFileType = sourcecode.c.h; path = "UIImageView+WebCache.h"; sourceTree = "<group>"; };
		45D7CAC01C0B12EF00434C1D /* UIImageView+WebCache.m */ = {isa = PBXFileReference; fileEncoding = 4; lastKnownFileType = sourcecode.c.objc; path = "UIImageView+WebCache.m"; sourceTree = "<group>"; };
		45D7CAC11C0B12EF00434C1D /* UIView+WebCacheOperation.h */ = {isa = PBXFileReference; fileEncoding = 4; lastKnownFileType = sourcecode.c.h; path = "UIView+WebCacheOperation.h"; sourceTree = "<group>"; };
		45D7CAC21C0B12EF00434C1D /* UIView+WebCacheOperation.m */ = {isa = PBXFileReference; fileEncoding = 4; lastKnownFileType = sourcecode.c.objc; path = "UIView+WebCacheOperation.m"; sourceTree = "<group>"; };
		45D7CAD41C0B138E00434C1D /* MapKit.framework */ = {isa = PBXFileReference; lastKnownFileType = wrapper.framework; name = MapKit.framework; path = System/Library/Frameworks/MapKit.framework; sourceTree = SDKROOT; };
		45D7CAD61C0B139500434C1D /* ImageIO.framework */ = {isa = PBXFileReference; lastKnownFileType = wrapper.framework; name = ImageIO.framework; path = System/Library/Frameworks/ImageIO.framework; sourceTree = SDKROOT; };
		45D7CAD81C0B13F100434C1D /* UIImageView+UIActivityIndicatorForSDWebImage.h */ = {isa = PBXFileReference; fileEncoding = 4; lastKnownFileType = sourcecode.c.h; path = "UIImageView+UIActivityIndicatorForSDWebImage.h"; sourceTree = "<group>"; };
		45D7CAD91C0B13F100434C1D /* UIImageView+UIActivityIndicatorForSDWebImage.m */ = {isa = PBXFileReference; fileEncoding = 4; lastKnownFileType = sourcecode.c.objc; path = "UIImageView+UIActivityIndicatorForSDWebImage.m"; sourceTree = "<group>"; };
		4998650415BF305000803E05 /* StoreKit.framework */ = {isa = PBXFileReference; lastKnownFileType = wrapper.framework; name = StoreKit.framework; path = System/Library/Frameworks/StoreKit.framework; sourceTree = SDKROOT; };
		627E6CF21E983D6087075D4A /* Pods-ParseStarterProject.debug.xcconfig */ = {isa = PBXFileReference; includeInIndex = 1; lastKnownFileType = text.xcconfig; name = "Pods-ParseStarterProject.debug.xcconfig"; path = "Pods/Target Support Files/Pods-ParseStarterProject/Pods-ParseStarterProject.debug.xcconfig"; sourceTree = "<group>"; };
		6332375315E438E900AE2736 /* libsqlite3.dylib */ = {isa = PBXFileReference; lastKnownFileType = "compiled.mach-o.dylib"; name = libsqlite3.dylib; path = usr/lib/libsqlite3.dylib; sourceTree = SDKROOT; };
		6372FF521613CC3C002132AF /* Accounts.framework */ = {isa = PBXFileReference; lastKnownFileType = wrapper.framework; name = Accounts.framework; path = System/Library/Frameworks/Accounts.framework; sourceTree = SDKROOT; };
		6372FF551613CC42002132AF /* Social.framework */ = {isa = PBXFileReference; lastKnownFileType = wrapper.framework; name = Social.framework; path = System/Library/Frameworks/Social.framework; sourceTree = SDKROOT; };
		6372FF571613CC47002132AF /* AdSupport.framework */ = {isa = PBXFileReference; lastKnownFileType = wrapper.framework; name = AdSupport.framework; path = System/Library/Frameworks/AdSupport.framework; sourceTree = SDKROOT; };
		743D7B6C157DA60100084B67 /* CoreGraphics.framework */ = {isa = PBXFileReference; lastKnownFileType = wrapper.framework; name = CoreGraphics.framework; path = System/Library/Frameworks/CoreGraphics.framework; sourceTree = SDKROOT; };
		814C3AB21B69864600E307BB /* Default-568h@2x.png */ = {isa = PBXFileReference; lastKnownFileType = image.png; path = "Default-568h@2x.png"; sourceTree = "<group>"; };
		814C3AB31B69864600E307BB /* Default.png */ = {isa = PBXFileReference; lastKnownFileType = image.png; path = Default.png; sourceTree = "<group>"; };
		814C3AB41B69864600E307BB /* Default@2x.png */ = {isa = PBXFileReference; lastKnownFileType = image.png; path = "Default@2x.png"; sourceTree = "<group>"; };
		814C3AB61B69864600E307BB /* en */ = {isa = PBXFileReference; lastKnownFileType = text.plist.strings; name = en; path = en.lproj/InfoPlist.strings; sourceTree = "<group>"; };
		814C3ABC1B69864600E307BB /* Info.plist */ = {isa = PBXFileReference; fileEncoding = 4; lastKnownFileType = text.plist.xml; path = Info.plist; sourceTree = "<group>"; };
		817AD67B196B009E0014C796 /* Bolts.framework */ = {isa = PBXFileReference; lastKnownFileType = wrapper.framework; path = Bolts.framework; sourceTree = "<group>"; };
		81A6CA601A2EA82800297C39 /* libstdc++.6.dylib */ = {isa = PBXFileReference; lastKnownFileType = "compiled.mach-o.dylib"; name = "libstdc++.6.dylib"; path = "usr/lib/libstdc++.6.dylib"; sourceTree = SDKROOT; };
		81DDFD1719B4A60300BE649C /* Parse.framework */ = {isa = PBXFileReference; lastKnownFileType = wrapper.framework; path = Parse.framework; sourceTree = "<group>"; };
		97E18B1E1624CB5700B17A67 /* CoreLocation.framework */ = {isa = PBXFileReference; lastKnownFileType = wrapper.framework; name = CoreLocation.framework; path = System/Library/Frameworks/CoreLocation.framework; sourceTree = SDKROOT; };
		99151F124749411EE4B2814E /* Pods-ParseStarterProject.release.xcconfig */ = {isa = PBXFileReference; includeInIndex = 1; lastKnownFileType = text.xcconfig; name = "Pods-ParseStarterProject.release.xcconfig"; path = "Pods/Target Support Files/Pods-ParseStarterProject/Pods-ParseStarterProject.release.xcconfig"; sourceTree = "<group>"; };
		F331760BA7DD8A5DA0524543 /* libPods-ParseStarterProject.a */ = {isa = PBXFileReference; explicitFileType = archive.ar; includeInIndex = 0; path = "libPods-ParseStarterProject.a"; sourceTree = BUILT_PRODUCTS_DIR; };
/* End PBXFileReference section */

/* Begin PBXFrameworksBuildPhase section */
		09ABC06A13A1D52D009C3FCF /* Frameworks */ = {
			isa = PBXFrameworksBuildPhase;
			buildActionMask = 2147483647;
			files = (
				45D7CAD71C0B139500434C1D /* ImageIO.framework in Frameworks */,
				45D7CAD51C0B138E00434C1D /* MapKit.framework in Frameworks */,
				81A6CA611A2EA82800297C39 /* libstdc++.6.dylib in Frameworks */,
				DD952FCB16E7F5CF00470144 /* CoreLocation.framework in Frameworks */,
				4998650515BF305000803E05 /* StoreKit.framework in Frameworks */,
				743D7B6D157DA60100084B67 /* CoreGraphics.framework in Frameworks */,
				81AFA6791B0EDD12000763C0 /* libsqlite3.dylib in Frameworks */,
				2FCDD6B014A573F500295AAC /* QuartzCore.framework in Frameworks */,
				099CCEAD13F9E3760039A464 /* libz.1.1.3.dylib in Frameworks */,
				09BEF34C13D51C3F001BBCDB /* Security.framework in Frameworks */,
				095ACE8613C68EA300566243 /* AudioToolbox.framework in Frameworks */,
				092354B513A1D7F000DA740F /* SystemConfiguration.framework in Frameworks */,
				092354B313A1D7EB00DA740F /* CFNetwork.framework in Frameworks */,
				81DDFD1919B4A60300BE649C /* Parse.framework in Frameworks */,
				09ABC07213A1D52D009C3FCF /* UIKit.framework in Frameworks */,
				09ABC07413A1D52D009C3FCF /* Foundation.framework in Frameworks */,
				817AD67C196B009E0014C796 /* Bolts.framework in Frameworks */,
				3A8369CB261372E210CEC611 /* libPods-ParseStarterProject.a in Frameworks */,
			);
			runOnlyForDeploymentPostprocessing = 0;
		};
/* End PBXFrameworksBuildPhase section */

/* Begin PBXGroup section */
		09ABC06213A1D52D009C3FCF = {
			isa = PBXGroup;
			children = (
				09ABC07713A1D52D009C3FCF /* Events */,
				814C3AB11B69864600E307BB /* Resources */,
				09ABC07013A1D52D009C3FCF /* Frameworks */,
				09ABC06E13A1D52D009C3FCF /* Products */,
				13FDE067F9A31F641593E565 /* Pods */,
			);
			sourceTree = "<group>";
		};
		09ABC06E13A1D52D009C3FCF /* Products */ = {
			isa = PBXGroup;
			children = (
				09ABC06D13A1D52D009C3FCF /* ParseStarterProject.app */,
			);
			name = Products;
			sourceTree = "<group>";
		};
		09ABC07013A1D52D009C3FCF /* Frameworks */ = {
			isa = PBXGroup;
			children = (
				45D7CAD61C0B139500434C1D /* ImageIO.framework */,
				45D7CAD41C0B138E00434C1D /* MapKit.framework */,
				81DDFD1719B4A60300BE649C /* Parse.framework */,
				817AD67B196B009E0014C796 /* Bolts.framework */,
				81A6CA5E1A2EA0B800297C39 /* System Frameworks */,
				F331760BA7DD8A5DA0524543 /* libPods-ParseStarterProject.a */,
			);
			name = Frameworks;
			sourceTree = "<group>";
		};
		09ABC07713A1D52D009C3FCF /* Events */ = {
			isa = PBXGroup;
			children = (
				45D7CA5C1C0B0FDB00434C1D /* ParseStarterProjectAppDelegate.h */,
				45D7CA5D1C0B0FDB00434C1D /* ParseStarterProjectAppDelegate.m */,
				45D7CA571C0B0F6D00434C1D /* Utilities */,
				45D7CA5A1C0B0F8F00434C1D /* ParseConnection */,
				45D7CA5F1C0B101C00434C1D /* Views */,
				4579B5591C07493200E9C095 /* Main.storyboard */,
				09ABC07813A1D52D009C3FCF /* Other Sources */,
			);
			name = Events;
			path = ParseStarterProject;
			sourceTree = "<group>";
		};
		09ABC07813A1D52D009C3FCF /* Other Sources */ = {
			isa = PBXGroup;
			children = (
				09ABC07E13A1D52D009C3FCF /* main.m */,
			);
			name = "Other Sources";
			sourceTree = "<group>";
		};
		13FDE067F9A31F641593E565 /* Pods */ = {
			isa = PBXGroup;
			children = (
				627E6CF21E983D6087075D4A /* Pods-ParseStarterProject.debug.xcconfig */,
				99151F124749411EE4B2814E /* Pods-ParseStarterProject.release.xcconfig */,
			);
			name = Pods;
			sourceTree = "<group>";
		};
		45D7CA511C0B0F2100434C1D /* MainViewController */ = {
			isa = PBXGroup;
			children = (
				45D7CA561C0B0F6800434C1D /* Cell */,
				45D7CA541C0B0F6300434C1D /* MainViewController.h */,
				45D7CA531C0B0F6300434C1D /* MainViewController.m */,
			);
			name = MainViewController;
			sourceTree = "<group>";
		};
		45D7CA521C0B0F2F00434C1D /* LeftSideMenu */ = {
			isa = PBXGroup;
			children = (
				45D7CA5B1C0B0FA200434C1D /* SideMenu Cell */,
				45D7CA361C0B0E9200434C1D /* LeftSideMenuViewController.h */,
				45D7CA371C0B0E9200434C1D /* LeftSideMenuViewController.m */,
			);
			name = LeftSideMenu;
			sourceTree = "<group>";
		};
		45D7CA561C0B0F6800434C1D /* Cell */ = {
			isa = PBXGroup;
			children = (
				45D7CA341C0B0E9200434C1D /* EventsCollectionViewCell.h */,
				45D7CA351C0B0E9200434C1D /* EventsCollectionViewCell.m */,
			);
			name = Cell;
			sourceTree = "<group>";
		};
		45D7CA571C0B0F6D00434C1D /* Utilities */ = {
			isa = PBXGroup;
			children = (
				45D7CAD31C0B131500434C1D /* SDWebImage */,
				45D7CA601C0B107200434C1D /* strings.json */,
				45D7CA621C0B10A300434C1D /* MCLocalization */,
				45D7CA4F1C0B0EFF00434C1D /* Utilities.h */,
				45D7CA4E1C0B0EFF00434C1D /* Utilities.m */,
			);
			name = Utilities;
			sourceTree = "<group>";
		};
		45D7CA581C0B0F7A00434C1D /* NavigationViewController */ = {
			isa = PBXGroup;
			children = (
				45D7CA3B1C0B0E9200434C1D /* NavigationViewController.h */,
				45D7CA3C1C0B0E9200434C1D /* NavigationViewController.m */,
			);
			name = NavigationViewController;
			sourceTree = "<group>";
		};
		45D7CA591C0B0F8600434C1D /* ParentViewController */ = {
			isa = PBXGroup;
			children = (
				45D7CA3D1C0B0E9200434C1D /* ParentViewController.h */,
				45D7CA3E1C0B0E9200434C1D /* ParentViewController.m */,
			);
			name = ParentViewController;
			sourceTree = "<group>";
		};
		45D7CA5A1C0B0F8F00434C1D /* ParseConnection */ = {
			isa = PBXGroup;
			children = (
				45D7CA3F1C0B0E9200434C1D /* ParseConnectionManager.h */,
				45D7CA401C0B0E9200434C1D /* ParseConnectionManager.m */,
			);
			name = ParseConnection;
			sourceTree = "<group>";
		};
		45D7CA5B1C0B0FA200434C1D /* SideMenu Cell */ = {
			isa = PBXGroup;
			children = (
				45D7CA431C0B0E9300434C1D /* SideMenuTableViewCell.h */,
				45D7CA441C0B0E9300434C1D /* SideMenuTableViewCell.m */,
			);
			name = "SideMenu Cell";
			sourceTree = "<group>";
		};
		45D7CA5F1C0B101C00434C1D /* Views */ = {
			isa = PBXGroup;
			children = (
				45D7CA581C0B0F7A00434C1D /* NavigationViewController */,
				45D7CA591C0B0F8600434C1D /* ParentViewController */,
				45D7CA521C0B0F2F00434C1D /* LeftSideMenu */,
				45D7CA511C0B0F2100434C1D /* MainViewController */,
			);
			name = Views;
			sourceTree = "<group>";
		};
		45D7CA621C0B10A300434C1D /* MCLocalization */ = {
			isa = PBXGroup;
			children = (
				45D7CA631C0B10A300434C1D /* MCLocalization.h */,
				45D7CA641C0B10A300434C1D /* MCLocalization.m */,
				45D7CA651C0B10A300434C1D /* MCLocalizationDataSource.h */,
				45D7CA661C0B10A300434C1D /* MCLocalizationDummyDataSource.h */,
				45D7CA671C0B10A300434C1D /* MCLocalizationDummyDataSource.m */,
				45D7CA681C0B10A300434C1D /* MCLocalizationOneJSONFilePerLanguageDataSource.h */,
				45D7CA691C0B10A300434C1D /* MCLocalizationOneJSONFilePerLanguageDataSource.m */,
				45D7CA6A1C0B10A300434C1D /* MCLocalizationSingleJSONFileDataSource.h */,
				45D7CA6B1C0B10A300434C1D /* MCLocalizationSingleJSONFileDataSource.m */,
			);
			name = MCLocalization;
			path = Classes;
			sourceTree = "<group>";
		};
		45D7CAD31C0B131500434C1D /* SDWebImage */ = {
			isa = PBXGroup;
			children = (
				45D7CAD81C0B13F100434C1D /* UIImageView+UIActivityIndicatorForSDWebImage.h */,
				45D7CAD91C0B13F100434C1D /* UIImageView+UIActivityIndicatorForSDWebImage.m */,
				45D7CAA21C0B12EF00434C1D /* MKAnnotationView+WebCache.h */,
				45D7CAA31C0B12EF00434C1D /* MKAnnotationView+WebCache.m */,
				45D7CAA41C0B12EF00434C1D /* NSData+ImageContentType.h */,
				45D7CAA51C0B12EF00434C1D /* NSData+ImageContentType.m */,
				45D7CAA61C0B12EF00434C1D /* SDImageCache.h */,
				45D7CAA71C0B12EF00434C1D /* SDImageCache.m */,
				45D7CAA81C0B12EF00434C1D /* SDWebImageCompat.h */,
				45D7CAA91C0B12EF00434C1D /* SDWebImageCompat.m */,
				45D7CAAA1C0B12EF00434C1D /* SDWebImageDecoder.h */,
				45D7CAAB1C0B12EF00434C1D /* SDWebImageDecoder.m */,
				45D7CAAC1C0B12EF00434C1D /* SDWebImageDownloader.h */,
				45D7CAAD1C0B12EF00434C1D /* SDWebImageDownloader.m */,
				45D7CAAE1C0B12EF00434C1D /* SDWebImageDownloaderOperation.h */,
				45D7CAAF1C0B12EF00434C1D /* SDWebImageDownloaderOperation.m */,
				45D7CAB01C0B12EF00434C1D /* SDWebImageManager.h */,
				45D7CAB11C0B12EF00434C1D /* SDWebImageManager.m */,
				45D7CAB21C0B12EF00434C1D /* SDWebImageOperation.h */,
				45D7CAB31C0B12EF00434C1D /* SDWebImagePrefetcher.h */,
				45D7CAB41C0B12EF00434C1D /* SDWebImagePrefetcher.m */,
				45D7CAB51C0B12EF00434C1D /* UIButton+WebCache.h */,
				45D7CAB61C0B12EF00434C1D /* UIButton+WebCache.m */,
				45D7CAB71C0B12EF00434C1D /* UIImage+GIF.h */,
				45D7CAB81C0B12EF00434C1D /* UIImage+GIF.m */,
				45D7CAB91C0B12EF00434C1D /* UIImage+MultiFormat.h */,
				45D7CABA1C0B12EF00434C1D /* UIImage+MultiFormat.m */,
				45D7CABB1C0B12EF00434C1D /* UIImage+WebP.h */,
				45D7CABC1C0B12EF00434C1D /* UIImage+WebP.m */,
				45D7CABD1C0B12EF00434C1D /* UIImageView+HighlightedWebCache.h */,
				45D7CABE1C0B12EF00434C1D /* UIImageView+HighlightedWebCache.m */,
				45D7CABF1C0B12EF00434C1D /* UIImageView+WebCache.h */,
				45D7CAC01C0B12EF00434C1D /* UIImageView+WebCache.m */,
				45D7CAC11C0B12EF00434C1D /* UIView+WebCacheOperation.h */,
				45D7CAC21C0B12EF00434C1D /* UIView+WebCacheOperation.m */,
			);
			name = SDWebImage;
			sourceTree = "<group>";
		};
		814C3AB11B69864600E307BB /* Resources */ = {
			isa = PBXGroup;
			children = (
				45D7CA3A1C0B0E9200434C1D /* Media.xcassets */,
				814C3AB21B69864600E307BB /* Default-568h@2x.png */,
				814C3AB31B69864600E307BB /* Default.png */,
				814C3AB41B69864600E307BB /* Default@2x.png */,
				814C3AB51B69864600E307BB /* InfoPlist.strings */,
				814C3ABC1B69864600E307BB /* Info.plist */,
			);
			path = Resources;
			sourceTree = "<group>";
		};
		81A6CA5E1A2EA0B800297C39 /* System Frameworks */ = {
			isa = PBXGroup;
			children = (
				6372FF571613CC47002132AF /* AdSupport.framework */,
				6372FF551613CC42002132AF /* Social.framework */,
				6372FF521613CC3C002132AF /* Accounts.framework */,
				095ACE8513C68EA300566243 /* AudioToolbox.framework */,
				092354B213A1D7EB00DA740F /* CFNetwork.framework */,
				743D7B6C157DA60100084B67 /* CoreGraphics.framework */,
				97E18B1E1624CB5700B17A67 /* CoreLocation.framework */,
				09ABC07313A1D52D009C3FCF /* Foundation.framework */,
				6332375315E438E900AE2736 /* libsqlite3.dylib */,
				099CCEAC13F9E3760039A464 /* libz.1.1.3.dylib */,
				81A6CA601A2EA82800297C39 /* libstdc++.6.dylib */,
				2FCDD6AF14A573F500295AAC /* QuartzCore.framework */,
				09BEF34B13D51C3F001BBCDB /* Security.framework */,
				4998650415BF305000803E05 /* StoreKit.framework */,
				092354B413A1D7F000DA740F /* SystemConfiguration.framework */,
				09ABC07113A1D52D009C3FCF /* UIKit.framework */,
			);
			name = "System Frameworks";
			sourceTree = "<group>";
		};
/* End PBXGroup section */

/* Begin PBXNativeTarget section */
		09ABC06C13A1D52D009C3FCF /* ParseStarterProject */ = {
			isa = PBXNativeTarget;
			buildConfigurationList = 09ABC08E13A1D52E009C3FCF /* Build configuration list for PBXNativeTarget "ParseStarterProject" */;
			buildPhases = (
				79B9B53A598C430422D82025 /* Check Pods Manifest.lock */,
				09ABC06913A1D52D009C3FCF /* Sources */,
				09ABC06A13A1D52D009C3FCF /* Frameworks */,
				09ABC06B13A1D52D009C3FCF /* Resources */,
				81A6CA5F1A2EA3D600297C39 /* Upload Symbol Files */,
				49CCA481200E635F1AAFC09E /* Copy Pods Resources */,
			);
			buildRules = (
			);
			dependencies = (
			);
			name = ParseStarterProject;
			productName = ParseStarterProject;
			productReference = 09ABC06D13A1D52D009C3FCF /* ParseStarterProject.app */;
			productType = "com.apple.product-type.application";
		};
/* End PBXNativeTarget section */

/* Begin PBXProject section */
		09ABC06413A1D52D009C3FCF /* Project object */ = {
			isa = PBXProject;
			attributes = {
				LastUpgradeCheck = 0710;
			};
			buildConfigurationList = 09ABC06713A1D52D009C3FCF /* Build configuration list for PBXProject "ParseStarterProject" */;
			compatibilityVersion = "Xcode 3.2";
			developmentRegion = English;
			hasScannedForEncodings = 0;
			knownRegions = (
				en,
			);
			mainGroup = 09ABC06213A1D52D009C3FCF;
			productRefGroup = 09ABC06E13A1D52D009C3FCF /* Products */;
			projectDirPath = "";
			projectRoot = "";
			targets = (
				09ABC06C13A1D52D009C3FCF /* ParseStarterProject */,
			);
		};
/* End PBXProject section */

/* Begin PBXResourcesBuildPhase section */
		09ABC06B13A1D52D009C3FCF /* Resources */ = {
			isa = PBXResourcesBuildPhase;
			buildActionMask = 2147483647;
			files = (
				814C3ABE1B69864600E307BB /* Default.png in Resources */,
				4579B55A1C07493200E9C095 /* Main.storyboard in Resources */,
				45D7CA611C0B107200434C1D /* strings.json in Resources */,
				814C3ABF1B69864600E307BB /* Default@2x.png in Resources */,
				814C3ABD1B69864600E307BB /* Default-568h@2x.png in Resources */,
				45D7CA481C0B0E9300434C1D /* Media.xcassets in Resources */,
				814C3AC01B69864600E307BB /* InfoPlist.strings in Resources */,
			);
			runOnlyForDeploymentPostprocessing = 0;
		};
/* End PBXResourcesBuildPhase section */

/* Begin PBXShellScriptBuildPhase section */
		49CCA481200E635F1AAFC09E /* Copy Pods Resources */ = {
			isa = PBXShellScriptBuildPhase;
			buildActionMask = 2147483647;
			files = (
			);
			inputPaths = (
			);
			name = "Copy Pods Resources";
			outputPaths = (
			);
			runOnlyForDeploymentPostprocessing = 0;
			shellPath = /bin/sh;
			shellScript = "\"${SRCROOT}/Pods/Target Support Files/Pods-ParseStarterProject/Pods-ParseStarterProject-resources.sh\"\n";
			showEnvVarsInLog = 0;
		};
		79B9B53A598C430422D82025 /* Check Pods Manifest.lock */ = {
			isa = PBXShellScriptBuildPhase;
			buildActionMask = 2147483647;
			files = (
			);
			inputPaths = (
			);
			name = "Check Pods Manifest.lock";
			outputPaths = (
			);
			runOnlyForDeploymentPostprocessing = 0;
			shellPath = /bin/sh;
			shellScript = "diff \"${PODS_ROOT}/../Podfile.lock\" \"${PODS_ROOT}/Manifest.lock\" > /dev/null\nif [[ $? != 0 ]] ; then\n    cat << EOM\nerror: The sandbox is not in sync with the Podfile.lock. Run 'pod install' or update your CocoaPods installation.\nEOM\n    exit 1\nfi\n";
			showEnvVarsInLog = 0;
		};
		81A6CA5F1A2EA3D600297C39 /* Upload Symbol Files */ = {
			isa = PBXShellScriptBuildPhase;
			buildActionMask = 2147483647;
			files = (
			);
			inputPaths = (
			);
			name = "Upload Symbol Files";
			outputPaths = (
			);
			runOnlyForDeploymentPostprocessing = 0;
			shellPath = /bin/sh;
			shellScript = "# This script will upload symbol files for your application,\n# so all your crash reports are going to be symbolicated\n\n# Important!\n# Before using the script, please initialize CloudCode folder and replace <path_to_cloudcode_folder> with the path to it\n#\n# Read more on Parse.com - https://parse.com/apps/quickstart#analytics/crashreporting/ios/\n############################################################\n\n\n# export PATH=/usr/local/bin:$PATH\n# cd <path_to_cloudcode_folder>\n\n# parse symbols -p \"${DWARF_DSYM_FOLDER_PATH}/${DWARF_DSYM_FILE_NAME}\"\n";
		};
/* End PBXShellScriptBuildPhase section */

/* Begin PBXSourcesBuildPhase section */
		09ABC06913A1D52D009C3FCF /* Sources */ = {
			isa = PBXSourcesBuildPhase;
			buildActionMask = 2147483647;
			files = (
				45D7CACE1C0B12EF00434C1D /* UIImage+MultiFormat.m in Sources */,
				45D7CACF1C0B12EF00434C1D /* UIImage+WebP.m in Sources */,
				45D7CA6E1C0B10A300434C1D /* MCLocalizationOneJSONFilePerLanguageDataSource.m in Sources */,
				45D7CACA1C0B12EF00434C1D /* SDWebImageManager.m in Sources */,
				45D7CA551C0B0F6300434C1D /* MainViewController.m in Sources */,
				09ABC07F13A1D52D009C3FCF /* main.m in Sources */,
				45D7CA4A1C0B0E9300434C1D /* ParentViewController.m in Sources */,
				45D7CAC81C0B12EF00434C1D /* SDWebImageDownloader.m in Sources */,
				45D7CA491C0B0E9300434C1D /* NavigationViewController.m in Sources */,
				45D7CA4B1C0B0E9300434C1D /* ParseConnectionManager.m in Sources */,
				45D7CA461C0B0E9300434C1D /* LeftSideMenuViewController.m in Sources */,
				45D7CA5E1C0B0FDB00434C1D /* ParseStarterProjectAppDelegate.m in Sources */,
				45D7CAC31C0B12EF00434C1D /* MKAnnotationView+WebCache.m in Sources */,
				45D7CA501C0B0EFF00434C1D /* Utilities.m in Sources */,
				45D7CADA1C0B13F100434C1D /* UIImageView+UIActivityIndicatorForSDWebImage.m in Sources */,
				45D7CAC41C0B12EF00434C1D /* NSData+ImageContentType.m in Sources */,
				45D7CACD1C0B12EF00434C1D /* UIImage+GIF.m in Sources */,
				45D7CACC1C0B12EF00434C1D /* UIButton+WebCache.m in Sources */,
				45D7CA4D1C0B0E9300434C1D /* SideMenuTableViewCell.m in Sources */,
				45D7CACB1C0B12EF00434C1D /* SDWebImagePrefetcher.m in Sources */,
				45D7CAC71C0B12EF00434C1D /* SDWebImageDecoder.m in Sources */,
				45D7CAC51C0B12EF00434C1D /* SDImageCache.m in Sources */,
				45D7CAC61C0B12EF00434C1D /* SDWebImageCompat.m in Sources */,
				45D7CAD21C0B12EF00434C1D /* UIView+WebCacheOperation.m in Sources */,
				45D7CA6C1C0B10A300434C1D /* MCLocalization.m in Sources */,
				45D7CA6F1C0B10A300434C1D /* MCLocalizationSingleJSONFileDataSource.m in Sources */,
				45D7CAC91C0B12EF00434C1D /* SDWebImageDownloaderOperation.m in Sources */,
				45D7CA6D1C0B10A300434C1D /* MCLocalizationDummyDataSource.m in Sources */,
				45D7CAD11C0B12EF00434C1D /* UIImageView+WebCache.m in Sources */,
				45D7CAD01C0B12EF00434C1D /* UIImageView+HighlightedWebCache.m in Sources */,
				45D7CA451C0B0E9300434C1D /* EventsCollectionViewCell.m in Sources */,
			);
			runOnlyForDeploymentPostprocessing = 0;
		};
/* End PBXSourcesBuildPhase section */

/* Begin PBXVariantGroup section */
		814C3AB51B69864600E307BB /* InfoPlist.strings */ = {
			isa = PBXVariantGroup;
			children = (
				814C3AB61B69864600E307BB /* en */,
			);
			name = InfoPlist.strings;
			sourceTree = "<group>";
		};
/* End PBXVariantGroup section */

/* Begin XCBuildConfiguration section */
		09ABC08C13A1D52E009C3FCF /* Debug */ = {
			isa = XCBuildConfiguration;
			buildSettings = {
				GCC_OPTIMIZATION_LEVEL = 0;
				GCC_PREPROCESSOR_DEFINITIONS = DEBUG;
				GCC_SYMBOLS_PRIVATE_EXTERN = NO;
				GCC_WARN_ABOUT_RETURN_TYPE = YES;
				GCC_WARN_UNUSED_VARIABLE = YES;
				IPHONEOS_DEPLOYMENT_TARGET = 7.0;
				ONLY_ACTIVE_ARCH = YES;
				SDKROOT = iphoneos;
				VALID_ARCHS = "arm64 armv7";
			};
			name = Debug;
		};
		09ABC08D13A1D52E009C3FCF /* Release */ = {
			isa = XCBuildConfiguration;
			buildSettings = {
				GCC_WARN_ABOUT_RETURN_TYPE = YES;
				GCC_WARN_UNUSED_VARIABLE = YES;
				IPHONEOS_DEPLOYMENT_TARGET = 7.0;
				OTHER_CFLAGS = "-DNS_BLOCK_ASSERTIONS=1";
				SDKROOT = iphoneos;
				VALID_ARCHS = "arm64 armv7";
			};
			name = Release;
		};
		09ABC08F13A1D52E009C3FCF /* Debug */ = {
			isa = XCBuildConfiguration;
			baseConfigurationReference = 627E6CF21E983D6087075D4A /* Pods-ParseStarterProject.debug.xcconfig */;
			buildSettings = {
				CLANG_ENABLE_OBJC_ARC = YES;
				CODE_SIGN_IDENTITY = "iPhone Developer";
				COPY_PHASE_STRIP = NO;
				FRAMEWORK_SEARCH_PATHS = (
					"$(inherited)",
					"$(SRCROOT)",
					"$(PROJECT_DIR)",
				);
				GCC_DYNAMIC_NO_PIC = NO;
				INFOPLIST_FILE = Resources/Info.plist;
				PRODUCT_NAME = "$(TARGET_NAME)";
				VALID_ARCHS = "arm64 armv7";
				WRAPPER_EXTENSION = app;
			};
			name = Debug;
		};
		09ABC09013A1D52E009C3FCF /* Release */ = {
			isa = XCBuildConfiguration;
			baseConfigurationReference = 99151F124749411EE4B2814E /* Pods-ParseStarterProject.release.xcconfig */;
			buildSettings = {
				CLANG_ENABLE_OBJC_ARC = YES;
				CODE_SIGN_IDENTITY = "iPhone Developer";
				COPY_PHASE_STRIP = YES;
				FRAMEWORK_SEARCH_PATHS = (
					"$(inherited)",
					"$(SRCROOT)",
					"$(PROJECT_DIR)",
				);
				INFOPLIST_FILE = Resources/Info.plist;
				PRODUCT_NAME = "$(TARGET_NAME)";
				VALIDATE_PRODUCT = YES;
				VALID_ARCHS = "arm64 armv7";
				WRAPPER_EXTENSION = app;
			};
			name = Release;
		};
/* End XCBuildConfiguration section */

/* Begin XCConfigurationList section */
		09ABC06713A1D52D009C3FCF /* Build configuration list for PBXProject "ParseStarterProject" */ = {
			isa = XCConfigurationList;
			buildConfigurations = (
				09ABC08C13A1D52E009C3FCF /* Debug */,
				09ABC08D13A1D52E009C3FCF /* Release */,
			);
			defaultConfigurationIsVisible = 0;
			defaultConfigurationName = Release;
		};
		09ABC08E13A1D52E009C3FCF /* Build configuration list for PBXNativeTarget "ParseStarterProject" */ = {
			isa = XCConfigurationList;
			buildConfigurations = (
				09ABC08F13A1D52E009C3FCF /* Debug */,
				09ABC09013A1D52E009C3FCF /* Release */,
			);
			defaultConfigurationIsVisible = 0;
			defaultConfigurationName = Release;
		};
/* End XCConfigurationList section */
	};
	rootObject = 09ABC06413A1D52D009C3FCF /* Project object */;
}
