<?xml version="1.0" encoding="UTF-8"?>
<!DOCTYPE plist PUBLIC "-//Apple//DTD PLIST 1.0//EN" "http://www.apple.com/DTDs/PropertyList-1.0.dtd">
<plist version="1.0">
<dict>
	<key>archiveVersion</key>
	<string>1</string>
	<key>classes</key>
	<dict/>
	<key>objectVersion</key>
	<string>46</string>
	<key>objects</key>
	<dict>
		<key>092354B213A1D7EB00DA740F</key>
		<dict>
			<key>isa</key>
			<string>PBXFileReference</string>
			<key>lastKnownFileType</key>
			<string>wrapper.framework</string>
			<key>name</key>
			<string>CFNetwork.framework</string>
			<key>path</key>
			<string>System/Library/Frameworks/CFNetwork.framework</string>
			<key>sourceTree</key>
			<string>SDKROOT</string>
		</dict>
		<key>092354B313A1D7EB00DA740F</key>
		<dict>
			<key>fileRef</key>
			<string>092354B213A1D7EB00DA740F</string>
			<key>isa</key>
			<string>PBXBuildFile</string>
		</dict>
		<key>092354B413A1D7F000DA740F</key>
		<dict>
			<key>isa</key>
			<string>PBXFileReference</string>
			<key>lastKnownFileType</key>
			<string>wrapper.framework</string>
			<key>name</key>
			<string>SystemConfiguration.framework</string>
			<key>path</key>
			<string>System/Library/Frameworks/SystemConfiguration.framework</string>
			<key>sourceTree</key>
			<string>SDKROOT</string>
		</dict>
		<key>092354B513A1D7F000DA740F</key>
		<dict>
			<key>fileRef</key>
			<string>092354B413A1D7F000DA740F</string>
			<key>isa</key>
			<string>PBXBuildFile</string>
		</dict>
		<key>095ACE8513C68EA300566243</key>
		<dict>
			<key>isa</key>
			<string>PBXFileReference</string>
			<key>lastKnownFileType</key>
			<string>wrapper.framework</string>
			<key>name</key>
			<string>AudioToolbox.framework</string>
			<key>path</key>
			<string>System/Library/Frameworks/AudioToolbox.framework</string>
			<key>sourceTree</key>
			<string>SDKROOT</string>
		</dict>
		<key>095ACE8613C68EA300566243</key>
		<dict>
			<key>fileRef</key>
			<string>095ACE8513C68EA300566243</string>
			<key>isa</key>
			<string>PBXBuildFile</string>
		</dict>
		<key>099CCEAC13F9E3760039A464</key>
		<dict>
			<key>isa</key>
			<string>PBXFileReference</string>
			<key>lastKnownFileType</key>
			<string>compiled.mach-o.dylib</string>
			<key>name</key>
			<string>libz.1.1.3.dylib</string>
			<key>path</key>
			<string>usr/lib/libz.1.1.3.dylib</string>
			<key>sourceTree</key>
			<string>SDKROOT</string>
		</dict>
		<key>099CCEAD13F9E3760039A464</key>
		<dict>
			<key>fileRef</key>
			<string>099CCEAC13F9E3760039A464</string>
			<key>isa</key>
			<string>PBXBuildFile</string>
		</dict>
		<key>09ABC06213A1D52D009C3FCF</key>
		<dict>
			<key>children</key>
			<array>
				<string>09ABC07713A1D52D009C3FCF</string>
				<string>814C3AB11B69864600E307BB</string>
				<string>09ABC07013A1D52D009C3FCF</string>
				<string>09ABC06E13A1D52D009C3FCF</string>
				<string>13FDE067F9A31F641593E565</string>
			</array>
			<key>isa</key>
			<string>PBXGroup</string>
			<key>sourceTree</key>
			<string>&lt;group&gt;</string>
		</dict>
		<key>09ABC06413A1D52D009C3FCF</key>
		<dict>
			<key>attributes</key>
			<dict>
				<key>LastUpgradeCheck</key>
				<string>0710</string>
			</dict>
			<key>buildConfigurationList</key>
			<string>09ABC06713A1D52D009C3FCF</string>
			<key>compatibilityVersion</key>
			<string>Xcode 3.2</string>
			<key>developmentRegion</key>
			<string>English</string>
			<key>hasScannedForEncodings</key>
			<string>0</string>
			<key>isa</key>
			<string>PBXProject</string>
			<key>knownRegions</key>
			<array>
				<string>en</string>
			</array>
			<key>mainGroup</key>
			<string>09ABC06213A1D52D009C3FCF</string>
			<key>productRefGroup</key>
			<string>09ABC06E13A1D52D009C3FCF</string>
			<key>projectDirPath</key>
			<string></string>
			<key>projectReferences</key>
			<array/>
			<key>projectRoot</key>
			<string></string>
			<key>targets</key>
			<array>
				<string>09ABC06C13A1D52D009C3FCF</string>
			</array>
		</dict>
		<key>09ABC06713A1D52D009C3FCF</key>
		<dict>
			<key>buildConfigurations</key>
			<array>
				<string>09ABC08C13A1D52E009C3FCF</string>
				<string>09ABC08D13A1D52E009C3FCF</string>
			</array>
			<key>defaultConfigurationIsVisible</key>
			<string>0</string>
			<key>defaultConfigurationName</key>
			<string>Release</string>
			<key>isa</key>
			<string>XCConfigurationList</string>
		</dict>
		<key>09ABC06913A1D52D009C3FCF</key>
		<dict>
			<key>buildActionMask</key>
			<string>2147483647</string>
			<key>files</key>
			<array>
				<string>09ABC07F13A1D52D009C3FCF</string>
				<string>4579B55D1C07496500E9C095</string>
				<string>09ABC08213A1D52D009C3FCF</string>
			</array>
			<key>isa</key>
			<string>PBXSourcesBuildPhase</string>
			<key>runOnlyForDeploymentPostprocessing</key>
			<string>0</string>
		</dict>
		<key>09ABC06A13A1D52D009C3FCF</key>
		<dict>
			<key>buildActionMask</key>
			<string>2147483647</string>
			<key>files</key>
			<array>
				<string>81A6CA611A2EA82800297C39</string>
				<string>DD952FCB16E7F5CF00470144</string>
				<string>4998650515BF305000803E05</string>
				<string>743D7B6D157DA60100084B67</string>
				<string>81AFA6791B0EDD12000763C0</string>
				<string>2FCDD6B014A573F500295AAC</string>
				<string>099CCEAD13F9E3760039A464</string>
				<string>09BEF34C13D51C3F001BBCDB</string>
				<string>095ACE8613C68EA300566243</string>
				<string>092354B513A1D7F000DA740F</string>
				<string>092354B313A1D7EB00DA740F</string>
				<string>81DDFD1919B4A60300BE649C</string>
				<string>09ABC07213A1D52D009C3FCF</string>
				<string>09ABC07413A1D52D009C3FCF</string>
				<string>817AD67C196B009E0014C796</string>
				<string>3A8369CB261372E210CEC611</string>
			</array>
			<key>isa</key>
			<string>PBXFrameworksBuildPhase</string>
			<key>runOnlyForDeploymentPostprocessing</key>
			<string>0</string>
		</dict>
		<key>09ABC06B13A1D52D009C3FCF</key>
		<dict>
			<key>buildActionMask</key>
			<string>2147483647</string>
			<key>files</key>
			<array>
				<string>814C3ABE1B69864600E307BB</string>
				<string>4579B55A1C07493200E9C095</string>
				<string>814C3ABF1B69864600E307BB</string>
				<string>814C3ABD1B69864600E307BB</string>
				<string>814C3AC01B69864600E307BB</string>
			</array>
			<key>isa</key>
			<string>PBXResourcesBuildPhase</string>
			<key>runOnlyForDeploymentPostprocessing</key>
			<string>0</string>
		</dict>
		<key>09ABC06C13A1D52D009C3FCF</key>
		<dict>
			<key>buildConfigurationList</key>
			<string>09ABC08E13A1D52E009C3FCF</string>
			<key>buildPhases</key>
			<array>
				<string>79B9B53A598C430422D82025</string>
				<string>09ABC06913A1D52D009C3FCF</string>
				<string>09ABC06A13A1D52D009C3FCF</string>
				<string>09ABC06B13A1D52D009C3FCF</string>
				<string>81A6CA5F1A2EA3D600297C39</string>
				<string>49CCA481200E635F1AAFC09E</string>
			</array>
			<key>buildRules</key>
			<array/>
			<key>dependencies</key>
			<array/>
			<key>isa</key>
			<string>PBXNativeTarget</string>
			<key>name</key>
			<string>ParseStarterProject</string>
			<key>productName</key>
			<string>ParseStarterProject</string>
			<key>productReference</key>
			<string>09ABC06D13A1D52D009C3FCF</string>
			<key>productType</key>
			<string>com.apple.product-type.application</string>
		</dict>
		<key>09ABC06D13A1D52D009C3FCF</key>
		<dict>
			<key>explicitFileType</key>
			<string>wrapper.application</string>
			<key>includeInIndex</key>
			<string>0</string>
			<key>isa</key>
			<string>PBXFileReference</string>
			<key>path</key>
			<string>ParseStarterProject.app</string>
			<key>sourceTree</key>
			<string>BUILT_PRODUCTS_DIR</string>
		</dict>
		<key>09ABC06E13A1D52D009C3FCF</key>
		<dict>
			<key>children</key>
			<array>
				<string>09ABC06D13A1D52D009C3FCF</string>
			</array>
			<key>isa</key>
			<string>PBXGroup</string>
			<key>name</key>
			<string>Products</string>
			<key>sourceTree</key>
			<string>&lt;group&gt;</string>
		</dict>
		<key>09ABC07013A1D52D009C3FCF</key>
		<dict>
			<key>children</key>
			<array>
				<string>81DDFD1719B4A60300BE649C</string>
				<string>817AD67B196B009E0014C796</string>
				<string>81A6CA5E1A2EA0B800297C39</string>
				<string>F331760BA7DD8A5DA0524543</string>
			</array>
			<key>isa</key>
			<string>PBXGroup</string>
			<key>name</key>
			<string>Frameworks</string>
			<key>sourceTree</key>
			<string>&lt;group&gt;</string>
		</dict>
		<key>09ABC07113A1D52D009C3FCF</key>
		<dict>
			<key>isa</key>
			<string>PBXFileReference</string>
			<key>lastKnownFileType</key>
			<string>wrapper.framework</string>
			<key>name</key>
			<string>UIKit.framework</string>
			<key>path</key>
			<string>System/Library/Frameworks/UIKit.framework</string>
			<key>sourceTree</key>
			<string>SDKROOT</string>
		</dict>
		<key>09ABC07213A1D52D009C3FCF</key>
		<dict>
			<key>fileRef</key>
			<string>09ABC07113A1D52D009C3FCF</string>
			<key>isa</key>
			<string>PBXBuildFile</string>
		</dict>
		<key>09ABC07313A1D52D009C3FCF</key>
		<dict>
			<key>isa</key>
			<string>PBXFileReference</string>
			<key>lastKnownFileType</key>
			<string>wrapper.framework</string>
			<key>name</key>
			<string>Foundation.framework</string>
			<key>path</key>
			<string>System/Library/Frameworks/Foundation.framework</string>
			<key>sourceTree</key>
			<string>SDKROOT</string>
		</dict>
		<key>09ABC07413A1D52D009C3FCF</key>
		<dict>
			<key>fileRef</key>
			<string>09ABC07313A1D52D009C3FCF</string>
			<key>isa</key>
			<string>PBXBuildFile</string>
		</dict>
		<key>09ABC07713A1D52D009C3FCF</key>
		<dict>
			<key>children</key>
			<array>
				<string>09ABC08013A1D52D009C3FCF</string>
				<string>09ABC08113A1D52D009C3FCF</string>
				<string>4579B55B1C07496500E9C095</string>
				<string>4579B55C1C07496500E9C095</string>
				<string>4579B5591C07493200E9C095</string>
				<string>09ABC07813A1D52D009C3FCF</string>
			</array>
			<key>isa</key>
			<string>PBXGroup</string>
			<key>name</key>
			<string>Events</string>
			<key>path</key>
			<string>ParseStarterProject</string>
			<key>sourceTree</key>
			<string>&lt;group&gt;</string>
		</dict>
		<key>09ABC07813A1D52D009C3FCF</key>
		<dict>
			<key>children</key>
			<array>
				<string>09ABC07E13A1D52D009C3FCF</string>
			</array>
			<key>isa</key>
			<string>PBXGroup</string>
			<key>name</key>
			<string>Other Sources</string>
			<key>sourceTree</key>
			<string>&lt;group&gt;</string>
		</dict>
		<key>09ABC07E13A1D52D009C3FCF</key>
		<dict>
			<key>isa</key>
			<string>PBXFileReference</string>
			<key>lastKnownFileType</key>
			<string>sourcecode.c.objc</string>
			<key>path</key>
			<string>main.m</string>
			<key>sourceTree</key>
			<string>&lt;group&gt;</string>
		</dict>
		<key>09ABC07F13A1D52D009C3FCF</key>
		<dict>
			<key>fileRef</key>
			<string>09ABC07E13A1D52D009C3FCF</string>
			<key>isa</key>
			<string>PBXBuildFile</string>
		</dict>
		<key>09ABC08013A1D52D009C3FCF</key>
		<dict>
			<key>isa</key>
			<string>PBXFileReference</string>
			<key>lastKnownFileType</key>
			<string>sourcecode.c.h</string>
			<key>path</key>
			<string>ParseStarterProjectAppDelegate.h</string>
			<key>sourceTree</key>
			<string>&lt;group&gt;</string>
		</dict>
		<key>09ABC08113A1D52D009C3FCF</key>
		<dict>
			<key>isa</key>
			<string>PBXFileReference</string>
			<key>lastKnownFileType</key>
			<string>sourcecode.c.objc</string>
			<key>path</key>
			<string>ParseStarterProjectAppDelegate.m</string>
			<key>sourceTree</key>
			<string>&lt;group&gt;</string>
		</dict>
		<key>09ABC08213A1D52D009C3FCF</key>
		<dict>
			<key>fileRef</key>
			<string>09ABC08113A1D52D009C3FCF</string>
			<key>isa</key>
			<string>PBXBuildFile</string>
		</dict>
		<key>09ABC08C13A1D52E009C3FCF</key>
		<dict>
			<key>buildSettings</key>
			<dict>
				<key>GCC_OPTIMIZATION_LEVEL</key>
				<string>0</string>
				<key>GCC_PREPROCESSOR_DEFINITIONS</key>
				<string>DEBUG</string>
				<key>GCC_SYMBOLS_PRIVATE_EXTERN</key>
				<string>NO</string>
				<key>GCC_WARN_ABOUT_RETURN_TYPE</key>
				<string>YES</string>
				<key>GCC_WARN_UNUSED_VARIABLE</key>
				<string>YES</string>
				<key>IPHONEOS_DEPLOYMENT_TARGET</key>
				<string>7.0</string>
				<key>ONLY_ACTIVE_ARCH</key>
				<string>YES</string>
				<key>SDKROOT</key>
				<string>iphoneos</string>
			</dict>
			<key>isa</key>
			<string>XCBuildConfiguration</string>
			<key>name</key>
			<string>Debug</string>
		</dict>
		<key>09ABC08D13A1D52E009C3FCF</key>
		<dict>
			<key>buildSettings</key>
			<dict>
				<key>GCC_WARN_ABOUT_RETURN_TYPE</key>
				<string>YES</string>
				<key>GCC_WARN_UNUSED_VARIABLE</key>
				<string>YES</string>
				<key>IPHONEOS_DEPLOYMENT_TARGET</key>
				<string>7.0</string>
				<key>OTHER_CFLAGS</key>
				<string>-DNS_BLOCK_ASSERTIONS=1</string>
				<key>SDKROOT</key>
				<string>iphoneos</string>
			</dict>
			<key>isa</key>
			<string>XCBuildConfiguration</string>
			<key>name</key>
			<string>Release</string>
		</dict>
		<key>09ABC08E13A1D52E009C3FCF</key>
		<dict>
			<key>buildConfigurations</key>
			<array>
				<string>09ABC08F13A1D52E009C3FCF</string>
				<string>09ABC09013A1D52E009C3FCF</string>
			</array>
			<key>defaultConfigurationIsVisible</key>
			<string>0</string>
			<key>defaultConfigurationName</key>
			<string>Release</string>
			<key>isa</key>
			<string>XCConfigurationList</string>
		</dict>
		<key>09ABC08F13A1D52E009C3FCF</key>
		<dict>
			<key>baseConfigurationReference</key>
			<string>627E6CF21E983D6087075D4A</string>
			<key>buildSettings</key>
			<dict>
				<key>CLANG_ENABLE_OBJC_ARC</key>
				<string>YES</string>
				<key>CODE_SIGN_IDENTITY</key>
				<string>iPhone Developer</string>
				<key>COPY_PHASE_STRIP</key>
				<string>NO</string>
				<key>FRAMEWORK_SEARCH_PATHS</key>
				<array>
					<string>$(inherited)</string>
					<string>$(SRCROOT)</string>
					<string>$(PROJECT_DIR)</string>
				</array>
				<key>GCC_DYNAMIC_NO_PIC</key>
				<string>NO</string>
				<key>INFOPLIST_FILE</key>
				<string>Resources/Info.plist</string>
				<key>PRODUCT_NAME</key>
				<string>$(TARGET_NAME)</string>
				<key>WRAPPER_EXTENSION</key>
				<string>app</string>
			</dict>
			<key>isa</key>
			<string>XCBuildConfiguration</string>
			<key>name</key>
			<string>Debug</string>
		</dict>
		<key>09ABC09013A1D52E009C3FCF</key>
		<dict>
			<key>baseConfigurationReference</key>
			<string>99151F124749411EE4B2814E</string>
			<key>buildSettings</key>
			<dict>
				<key>CLANG_ENABLE_OBJC_ARC</key>
				<string>YES</string>
				<key>CODE_SIGN_IDENTITY</key>
				<string>iPhone Developer</string>
				<key>COPY_PHASE_STRIP</key>
				<string>YES</string>
				<key>FRAMEWORK_SEARCH_PATHS</key>
				<array>
					<string>$(inherited)</string>
					<string>$(SRCROOT)</string>
					<string>$(PROJECT_DIR)</string>
				</array>
				<key>INFOPLIST_FILE</key>
				<string>Resources/Info.plist</string>
				<key>PRODUCT_NAME</key>
				<string>$(TARGET_NAME)</string>
				<key>VALIDATE_PRODUCT</key>
				<string>YES</string>
				<key>WRAPPER_EXTENSION</key>
				<string>app</string>
			</dict>
			<key>isa</key>
			<string>XCBuildConfiguration</string>
			<key>name</key>
			<string>Release</string>
		</dict>
		<key>09BEF34B13D51C3F001BBCDB</key>
		<dict>
			<key>isa</key>
			<string>PBXFileReference</string>
			<key>lastKnownFileType</key>
			<string>wrapper.framework</string>
			<key>name</key>
			<string>Security.framework</string>
			<key>path</key>
			<string>System/Library/Frameworks/Security.framework</string>
			<key>sourceTree</key>
			<string>SDKROOT</string>
		</dict>
		<key>09BEF34C13D51C3F001BBCDB</key>
		<dict>
			<key>fileRef</key>
			<string>09BEF34B13D51C3F001BBCDB</string>
			<key>isa</key>
			<string>PBXBuildFile</string>
		</dict>
		<key>13FDE067F9A31F641593E565</key>
		<dict>
			<key>children</key>
			<array>
				<string>627E6CF21E983D6087075D4A</string>
				<string>99151F124749411EE4B2814E</string>
			</array>
			<key>isa</key>
			<string>PBXGroup</string>
			<key>name</key>
			<string>Pods</string>
			<key>sourceTree</key>
			<string>&lt;group&gt;</string>
		</dict>
		<key>2FCDD6AF14A573F500295AAC</key>
		<dict>
			<key>isa</key>
			<string>PBXFileReference</string>
			<key>lastKnownFileType</key>
			<string>wrapper.framework</string>
			<key>name</key>
			<string>QuartzCore.framework</string>
			<key>path</key>
			<string>System/Library/Frameworks/QuartzCore.framework</string>
			<key>sourceTree</key>
			<string>SDKROOT</string>
		</dict>
		<key>2FCDD6B014A573F500295AAC</key>
		<dict>
			<key>fileRef</key>
			<string>2FCDD6AF14A573F500295AAC</string>
			<key>isa</key>
			<string>PBXBuildFile</string>
		</dict>
		<key>3A8369CB261372E210CEC611</key>
		<dict>
			<key>fileRef</key>
			<string>F331760BA7DD8A5DA0524543</string>
			<key>isa</key>
			<string>PBXBuildFile</string>
		</dict>
		<key>4579B5591C07493200E9C095</key>
		<dict>
			<key>fileEncoding</key>
			<string>4</string>
			<key>isa</key>
			<string>PBXFileReference</string>
			<key>lastKnownFileType</key>
			<string>file.storyboard</string>
			<key>path</key>
			<string>Main.storyboard</string>
			<key>sourceTree</key>
			<string>&lt;group&gt;</string>
		</dict>
		<key>4579B55A1C07493200E9C095</key>
		<dict>
			<key>fileRef</key>
			<string>4579B5591C07493200E9C095</string>
			<key>isa</key>
			<string>PBXBuildFile</string>
			<key>settings</key>
			<dict>
				<key>ASSET_TAGS</key>
				<array/>
			</dict>
		</dict>
		<key>4579B55B1C07496500E9C095</key>
		<dict>
			<key>fileEncoding</key>
			<string>4</string>
			<key>isa</key>
			<string>PBXFileReference</string>
			<key>lastKnownFileType</key>
			<string>sourcecode.c.h</string>
			<key>path</key>
			<string>MainViewController.h</string>
			<key>sourceTree</key>
			<string>&lt;group&gt;</string>
		</dict>
		<key>4579B55C1C07496500E9C095</key>
		<dict>
			<key>fileEncoding</key>
			<string>4</string>
			<key>isa</key>
			<string>PBXFileReference</string>
			<key>lastKnownFileType</key>
			<string>sourcecode.c.objc</string>
			<key>path</key>
			<string>MainViewController.m</string>
			<key>sourceTree</key>
			<string>&lt;group&gt;</string>
		</dict>
		<key>4579B55D1C07496500E9C095</key>
		<dict>
			<key>fileRef</key>
			<string>4579B55C1C07496500E9C095</string>
			<key>isa</key>
			<string>PBXBuildFile</string>
			<key>settings</key>
			<dict>
				<key>ASSET_TAGS</key>
				<array/>
			</dict>
		</dict>
		<key>4998650415BF305000803E05</key>
		<dict>
			<key>isa</key>
			<string>PBXFileReference</string>
			<key>lastKnownFileType</key>
			<string>wrapper.framework</string>
			<key>name</key>
			<string>StoreKit.framework</string>
			<key>path</key>
			<string>System/Library/Frameworks/StoreKit.framework</string>
			<key>sourceTree</key>
			<string>SDKROOT</string>
		</dict>
		<key>4998650515BF305000803E05</key>
		<dict>
			<key>fileRef</key>
			<string>4998650415BF305000803E05</string>
			<key>isa</key>
			<string>PBXBuildFile</string>
		</dict>
		<key>49CCA481200E635F1AAFC09E</key>
		<dict>
			<key>buildActionMask</key>
			<string>2147483647</string>
			<key>files</key>
			<array/>
			<key>inputPaths</key>
			<array/>
			<key>isa</key>
			<string>PBXShellScriptBuildPhase</string>
			<key>name</key>
			<string>Copy Pods Resources</string>
			<key>outputPaths</key>
			<array/>
			<key>runOnlyForDeploymentPostprocessing</key>
			<string>0</string>
			<key>shellPath</key>
			<string>/bin/sh</string>
			<key>shellScript</key>
			<string>"${SRCROOT}/Pods/Target Support Files/Pods-ParseStarterProject/Pods-ParseStarterProject-resources.sh"
</string>
			<key>showEnvVarsInLog</key>
			<string>0</string>
		</dict>
		<key>627E6CF21E983D6087075D4A</key>
		<dict>
			<key>includeInIndex</key>
			<string>1</string>
			<key>isa</key>
			<string>PBXFileReference</string>
			<key>lastKnownFileType</key>
			<string>text.xcconfig</string>
			<key>name</key>
			<string>Pods-ParseStarterProject.debug.xcconfig</string>
			<key>path</key>
			<string>Pods/Target Support Files/Pods-ParseStarterProject/Pods-ParseStarterProject.debug.xcconfig</string>
			<key>sourceTree</key>
			<string>&lt;group&gt;</string>
		</dict>
		<key>6332375315E438E900AE2736</key>
		<dict>
			<key>isa</key>
			<string>PBXFileReference</string>
			<key>lastKnownFileType</key>
			<string>compiled.mach-o.dylib</string>
			<key>name</key>
			<string>libsqlite3.dylib</string>
			<key>path</key>
			<string>usr/lib/libsqlite3.dylib</string>
			<key>sourceTree</key>
			<string>SDKROOT</string>
		</dict>
		<key>6372FF521613CC3C002132AF</key>
		<dict>
			<key>isa</key>
			<string>PBXFileReference</string>
			<key>lastKnownFileType</key>
			<string>wrapper.framework</string>
			<key>name</key>
			<string>Accounts.framework</string>
			<key>path</key>
			<string>System/Library/Frameworks/Accounts.framework</string>
			<key>sourceTree</key>
			<string>SDKROOT</string>
		</dict>
		<key>6372FF551613CC42002132AF</key>
		<dict>
			<key>isa</key>
			<string>PBXFileReference</string>
			<key>lastKnownFileType</key>
			<string>wrapper.framework</string>
			<key>name</key>
			<string>Social.framework</string>
			<key>path</key>
			<string>System/Library/Frameworks/Social.framework</string>
			<key>sourceTree</key>
			<string>SDKROOT</string>
		</dict>
		<key>6372FF571613CC47002132AF</key>
		<dict>
			<key>isa</key>
			<string>PBXFileReference</string>
			<key>lastKnownFileType</key>
			<string>wrapper.framework</string>
			<key>name</key>
			<string>AdSupport.framework</string>
			<key>path</key>
			<string>System/Library/Frameworks/AdSupport.framework</string>
			<key>sourceTree</key>
			<string>SDKROOT</string>
		</dict>
		<key>743D7B6C157DA60100084B67</key>
		<dict>
			<key>isa</key>
			<string>PBXFileReference</string>
			<key>lastKnownFileType</key>
			<string>wrapper.framework</string>
			<key>name</key>
			<string>CoreGraphics.framework</string>
			<key>path</key>
			<string>System/Library/Frameworks/CoreGraphics.framework</string>
			<key>sourceTree</key>
			<string>SDKROOT</string>
		</dict>
		<key>743D7B6D157DA60100084B67</key>
		<dict>
			<key>fileRef</key>
			<string>743D7B6C157DA60100084B67</string>
			<key>isa</key>
			<string>PBXBuildFile</string>
		</dict>
		<key>79B9B53A598C430422D82025</key>
		<dict>
			<key>buildActionMask</key>
			<string>2147483647</string>
			<key>files</key>
			<array/>
			<key>inputPaths</key>
			<array/>
			<key>isa</key>
			<string>PBXShellScriptBuildPhase</string>
			<key>name</key>
			<string>Check Pods Manifest.lock</string>
			<key>outputPaths</key>
			<array/>
			<key>runOnlyForDeploymentPostprocessing</key>
			<string>0</string>
			<key>shellPath</key>
			<string>/bin/sh</string>
			<key>shellScript</key>
			<string>diff "${PODS_ROOT}/../Podfile.lock" "${PODS_ROOT}/Manifest.lock" &gt; /dev/null
if [[ $? != 0 ]] ; then
    cat &lt;&lt; EOM
error: The sandbox is not in sync with the Podfile.lock. Run 'pod install' or update your CocoaPods installation.
EOM
    exit 1
fi
</string>
			<key>showEnvVarsInLog</key>
			<string>0</string>
		</dict>
		<key>814C3AB11B69864600E307BB</key>
		<dict>
			<key>children</key>
			<array>
				<string>814C3AB21B69864600E307BB</string>
				<string>814C3AB31B69864600E307BB</string>
				<string>814C3AB41B69864600E307BB</string>
				<string>814C3AB51B69864600E307BB</string>
				<string>814C3ABC1B69864600E307BB</string>
			</array>
			<key>isa</key>
			<string>PBXGroup</string>
			<key>path</key>
			<string>Resources</string>
			<key>sourceTree</key>
			<string>&lt;group&gt;</string>
		</dict>
		<key>814C3AB21B69864600E307BB</key>
		<dict>
			<key>isa</key>
			<string>PBXFileReference</string>
			<key>lastKnownFileType</key>
			<string>image.png</string>
			<key>path</key>
			<string>Default-568h@2x.png</string>
			<key>sourceTree</key>
			<string>&lt;group&gt;</string>
		</dict>
		<key>814C3AB31B69864600E307BB</key>
		<dict>
			<key>isa</key>
			<string>PBXFileReference</string>
			<key>lastKnownFileType</key>
			<string>image.png</string>
			<key>path</key>
			<string>Default.png</string>
			<key>sourceTree</key>
			<string>&lt;group&gt;</string>
		</dict>
		<key>814C3AB41B69864600E307BB</key>
		<dict>
			<key>isa</key>
			<string>PBXFileReference</string>
			<key>lastKnownFileType</key>
			<string>image.png</string>
			<key>path</key>
			<string>Default@2x.png</string>
			<key>sourceTree</key>
			<string>&lt;group&gt;</string>
		</dict>
		<key>814C3AB51B69864600E307BB</key>
		<dict>
			<key>children</key>
			<array>
				<string>814C3AB61B69864600E307BB</string>
			</array>
			<key>isa</key>
			<string>PBXVariantGroup</string>
			<key>name</key>
			<string>InfoPlist.strings</string>
			<key>sourceTree</key>
			<string>&lt;group&gt;</string>
		</dict>
		<key>814C3AB61B69864600E307BB</key>
		<dict>
			<key>isa</key>
			<string>PBXFileReference</string>
			<key>lastKnownFileType</key>
			<string>text.plist.strings</string>
			<key>name</key>
			<string>en</string>
			<key>path</key>
			<string>en.lproj/InfoPlist.strings</string>
			<key>sourceTree</key>
			<string>&lt;group&gt;</string>
		</dict>
		<key>814C3ABC1B69864600E307BB</key>
		<dict>
			<key>fileEncoding</key>
			<string>4</string>
			<key>isa</key>
			<string>PBXFileReference</string>
			<key>lastKnownFileType</key>
			<string>text.plist.xml</string>
			<key>path</key>
			<string>Info.plist</string>
			<key>sourceTree</key>
			<string>&lt;group&gt;</string>
		</dict>
		<key>814C3ABD1B69864600E307BB</key>
		<dict>
			<key>fileRef</key>
			<string>814C3AB21B69864600E307BB</string>
			<key>isa</key>
			<string>PBXBuildFile</string>
		</dict>
		<key>814C3ABE1B69864600E307BB</key>
		<dict>
			<key>fileRef</key>
			<string>814C3AB31B69864600E307BB</string>
			<key>isa</key>
			<string>PBXBuildFile</string>
		</dict>
		<key>814C3ABF1B69864600E307BB</key>
		<dict>
			<key>fileRef</key>
			<string>814C3AB41B69864600E307BB</string>
			<key>isa</key>
			<string>PBXBuildFile</string>
		</dict>
		<key>814C3AC01B69864600E307BB</key>
		<dict>
			<key>fileRef</key>
			<string>814C3AB51B69864600E307BB</string>
			<key>isa</key>
			<string>PBXBuildFile</string>
		</dict>
		<key>817AD67B196B009E0014C796</key>
		<dict>
			<key>isa</key>
			<string>PBXFileReference</string>
			<key>lastKnownFileType</key>
			<string>wrapper.framework</string>
			<key>path</key>
			<string>Bolts.framework</string>
			<key>sourceTree</key>
			<string>&lt;group&gt;</string>
		</dict>
		<key>817AD67C196B009E0014C796</key>
		<dict>
			<key>fileRef</key>
			<string>817AD67B196B009E0014C796</string>
			<key>isa</key>
			<string>PBXBuildFile</string>
		</dict>
		<key>81A6CA5E1A2EA0B800297C39</key>
		<dict>
			<key>children</key>
			<array>
				<string>6372FF571613CC47002132AF</string>
				<string>6372FF551613CC42002132AF</string>
				<string>6372FF521613CC3C002132AF</string>
				<string>095ACE8513C68EA300566243</string>
				<string>092354B213A1D7EB00DA740F</string>
				<string>743D7B6C157DA60100084B67</string>
				<string>97E18B1E1624CB5700B17A67</string>
				<string>09ABC07313A1D52D009C3FCF</string>
				<string>6332375315E438E900AE2736</string>
				<string>099CCEAC13F9E3760039A464</string>
				<string>81A6CA601A2EA82800297C39</string>
				<string>2FCDD6AF14A573F500295AAC</string>
				<string>09BEF34B13D51C3F001BBCDB</string>
				<string>4998650415BF305000803E05</string>
				<string>092354B413A1D7F000DA740F</string>
				<string>09ABC07113A1D52D009C3FCF</string>
			</array>
			<key>isa</key>
			<string>PBXGroup</string>
			<key>name</key>
			<string>System Frameworks</string>
			<key>sourceTree</key>
			<string>&lt;group&gt;</string>
		</dict>
		<key>81A6CA5F1A2EA3D600297C39</key>
		<dict>
			<key>buildActionMask</key>
			<string>2147483647</string>
			<key>files</key>
			<array/>
			<key>inputPaths</key>
			<array/>
			<key>isa</key>
			<string>PBXShellScriptBuildPhase</string>
			<key>name</key>
			<string>Upload Symbol Files</string>
			<key>outputPaths</key>
			<array/>
			<key>runOnlyForDeploymentPostprocessing</key>
			<string>0</string>
			<key>shellPath</key>
			<string>/bin/sh</string>
			<key>shellScript</key>
			<string># This script will upload symbol files for your application,
# so all your crash reports are going to be symbolicated

# Important!
# Before using the script, please initialize CloudCode folder and replace &lt;path_to_cloudcode_folder&gt; with the path to it
#
# Read more on Parse.com - https://parse.com/apps/quickstart#analytics/crashreporting/ios/
############################################################


# export PATH=/usr/local/bin:$PATH
# cd &lt;path_to_cloudcode_folder&gt;

# parse symbols -p "${DWARF_DSYM_FOLDER_PATH}/${DWARF_DSYM_FILE_NAME}"
</string>
		</dict>
		<key>81A6CA601A2EA82800297C39</key>
		<dict>
			<key>isa</key>
			<string>PBXFileReference</string>
			<key>lastKnownFileType</key>
			<string>compiled.mach-o.dylib</string>
			<key>name</key>
			<string>libstdc++.6.dylib</string>
			<key>path</key>
			<string>usr/lib/libstdc++.6.dylib</string>
			<key>sourceTree</key>
			<string>SDKROOT</string>
		</dict>
		<key>81A6CA611A2EA82800297C39</key>
		<dict>
			<key>fileRef</key>
			<string>81A6CA601A2EA82800297C39</string>
			<key>isa</key>
			<string>PBXBuildFile</string>
		</dict>
		<key>81AFA6791B0EDD12000763C0</key>
		<dict>
			<key>fileRef</key>
			<string>6332375315E438E900AE2736</string>
			<key>isa</key>
			<string>PBXBuildFile</string>
		</dict>
		<key>81DDFD1719B4A60300BE649C</key>
		<dict>
			<key>isa</key>
			<string>PBXFileReference</string>
			<key>lastKnownFileType</key>
			<string>wrapper.framework</string>
			<key>path</key>
			<string>Parse.framework</string>
			<key>sourceTree</key>
			<string>&lt;group&gt;</string>
		</dict>
		<key>81DDFD1919B4A60300BE649C</key>
		<dict>
			<key>fileRef</key>
			<string>81DDFD1719B4A60300BE649C</string>
			<key>isa</key>
			<string>PBXBuildFile</string>
		</dict>
		<key>97E18B1E1624CB5700B17A67</key>
		<dict>
			<key>isa</key>
			<string>PBXFileReference</string>
			<key>lastKnownFileType</key>
			<string>wrapper.framework</string>
			<key>name</key>
			<string>CoreLocation.framework</string>
			<key>path</key>
			<string>System/Library/Frameworks/CoreLocation.framework</string>
			<key>sourceTree</key>
			<string>SDKROOT</string>
		</dict>
		<key>99151F124749411EE4B2814E</key>
		<dict>
			<key>includeInIndex</key>
			<string>1</string>
			<key>isa</key>
			<string>PBXFileReference</string>
			<key>lastKnownFileType</key>
			<string>text.xcconfig</string>
			<key>name</key>
			<string>Pods-ParseStarterProject.release.xcconfig</string>
			<key>path</key>
			<string>Pods/Target Support Files/Pods-ParseStarterProject/Pods-ParseStarterProject.release.xcconfig</string>
			<key>sourceTree</key>
			<string>&lt;group&gt;</string>
		</dict>
		<key>DD952FCB16E7F5CF00470144</key>
		<dict>
			<key>fileRef</key>
			<string>97E18B1E1624CB5700B17A67</string>
			<key>isa</key>
			<string>PBXBuildFile</string>
		</dict>
		<key>F331760BA7DD8A5DA0524543</key>
		<dict>
			<key>explicitFileType</key>
			<string>archive.ar</string>
			<key>includeInIndex</key>
			<string>0</string>
			<key>isa</key>
			<string>PBXFileReference</string>
			<key>path</key>
			<string>libPods-ParseStarterProject.a</string>
			<key>sourceTree</key>
			<string>BUILT_PRODUCTS_DIR</string>
		</dict>
	</dict>
	<key>rootObject</key>
	<string>09ABC06413A1D52D009C3FCF</string>
</dict>
</plist>
